
Microsoft Visual Studio Solution File, Format Version 12.00
# Visual Studio Version 16
VisualStudioVersion = 16.0.29209.62
MinimumVisualStudioVersion = 10.0.40219.1
Project("{9A19103F-16F7-4668-BE54-9A1E7A4F7556}") = "Jeebs.WordPress", "Libraries\Jeebs.WordPress\Jeebs.WordPress.csproj", "{6CACF381-9F0A-41B1-9A14-715491CC6213}"
EndProject
Project("{9A19103F-16F7-4668-BE54-9A1E7A4F7556}") = "Jeebs.WordPress.Entities", "Libraries\Jeebs.WordPress.Entities\Jeebs.WordPress.Entities.csproj", "{DA24A71C-0218-4E6A-8151-1E97F76154F8}"
EndProject
Project("{2150E333-8FDC-42A3-9474-1A3956D46DE8}") = "Tests", "Tests", "{1172BF25-0DDE-4B03-9075-9EB0B75A4537}"
	ProjectSection(SolutionItems) = preProject
		Tests\.editorconfig = Tests\.editorconfig
		Tests\Directory.Build.props = Tests\Directory.Build.props
	EndProjectSection
EndProject
Project("{9A19103F-16F7-4668-BE54-9A1E7A4F7556}") = "Jeebs.Data", "Libraries\Jeebs.Data\Jeebs.Data.csproj", "{57A42A82-B6A3-41FF-8C77-3A0BCFA9A497}"
EndProject
Project("{2150E333-8FDC-42A3-9474-1A3956D46DE8}") = ".Data", ".Data", "{2C74A640-5088-487E-8B3D-0B8C818EDFCB}"
EndProject
Project("{2150E333-8FDC-42A3-9474-1A3956D46DE8}") = ".WordPress", ".WordPress", "{0B3996E1-B1FF-4037-B3FB-15E0ABE01032}"
EndProject
Project("{2150E333-8FDC-42A3-9474-1A3956D46DE8}") = "Libraries", "Libraries", "{3B7FCEFA-5DFE-455A-B96E-78ADA70DABE6}"
	ProjectSection(SolutionItems) = preProject
		Libraries\.editorconfig = Libraries\.editorconfig
		Libraries\Directory.Build.props = Libraries\Directory.Build.props
	EndProjectSection
EndProject
Project("{2150E333-8FDC-42A3-9474-1A3956D46DE8}") = "Apps", "Apps", "{A256449B-4234-43DD-B18F-741D69906712}"
	ProjectSection(SolutionItems) = preProject
		Apps\.editorconfig = Apps\.editorconfig
		Apps\Directory.Build.props = Apps\Directory.Build.props
	EndProjectSection
EndProject
Project("{9A19103F-16F7-4668-BE54-9A1E7A4F7556}") = "Jeebs", "Libraries\Jeebs\Jeebs.csproj", "{356A4CC7-CEA0-46A1-81FB-41AC3F0C1614}"
EndProject
Project("{9A19103F-16F7-4668-BE54-9A1E7A4F7556}") = "Jeebs.Apps", "Libraries\Jeebs.Apps\Jeebs.Apps.csproj", "{227E9F54-D49F-4E6B-9744-31F3A4E3E8D4}"
EndProject
Project("{2150E333-8FDC-42A3-9474-1A3956D46DE8}") = ".Clients", ".Clients", "{9BE173C5-9B68-4F6D-BF76-283EA7C8C73A}"
EndProject
Project("{9A19103F-16F7-4668-BE54-9A1E7A4F7556}") = "Jeebs.Data.Clients.MySql", "Libraries\Jeebs.Data.Clients.MySql\Jeebs.Data.Clients.MySql.csproj", "{B22D88C5-A63B-425C-B12E-3471044EBB4F}"
EndProject
Project("{9A19103F-16F7-4668-BE54-9A1E7A4F7556}") = "Jeebs.Data.Clients.SqlServer", "Libraries\Jeebs.Data.Clients.SqlServer\Jeebs.Data.Clients.SqlServer.csproj", "{AE703837-1753-4408-A32D-97423655233F}"
EndProject
Project("{9A19103F-16F7-4668-BE54-9A1E7A4F7556}") = "AppConsole", "Apps\AppConsole\AppConsole.csproj", "{DD762A71-FC5F-4058-BE29-50AFC11E7862}"
EndProject
Project("{9A19103F-16F7-4668-BE54-9A1E7A4F7556}") = "AppMvc", "Apps\AppMvc\AppMvc.csproj", "{06D16977-CAA6-4F08-A9E6-D4BD1B3080A6}"
EndProject
Project("{9A19103F-16F7-4668-BE54-9A1E7A4F7556}") = "AppService", "Apps\AppService\AppService.csproj", "{ABC51F0B-438B-4BF9-AFDD-C85BA4F4EDFA}"
EndProject
Project("{2150E333-8FDC-42A3-9474-1A3956D46DE8}") = ".Apps", ".Apps", "{F005B321-074A-4182-869A-5E7E1CE8F9DA}"
EndProject
Project("{9A19103F-16F7-4668-BE54-9A1E7A4F7556}") = "Jeebs.Apps.ConsoleApps", "Libraries\Jeebs.Apps.ConsoleApps\Jeebs.Apps.ConsoleApps.csproj", "{FC3FA7F8-B572-41D3-9381-E4F70D059536}"
EndProject
Project("{9A19103F-16F7-4668-BE54-9A1E7A4F7556}") = "Jeebs.Apps.WebApps", "Libraries\Jeebs.Apps.WebApps\Jeebs.Apps.WebApps.csproj", "{95B72871-8799-43BB-AF07-C2C719BB0118}"
EndProject
Project("{9A19103F-16F7-4668-BE54-9A1E7A4F7556}") = "AppWeb", "Apps\AppWeb\AppWeb.csproj", "{1E88CE0B-D46D-4886-9D80-9CC22FE49CB0}"
EndProject
Project("{9A19103F-16F7-4668-BE54-9A1E7A4F7556}") = "AppRazor", "Apps\AppRazor\AppRazor.csproj", "{324EDD9C-5236-41A5-9253-A4336248FE5C}"
EndProject
Project("{9A19103F-16F7-4668-BE54-9A1E7A4F7556}") = "AppConsoleWordPress", "Apps\AppConsoleWordPress\AppConsoleWordPress.csproj", "{52CF9096-6186-48F0-8481-BFC6E4E0CFA4}"
EndProject
Project("{9A19103F-16F7-4668-BE54-9A1E7A4F7556}") = "Jeebs.Data.Apps", "Libraries\Jeebs.Data.Apps\Jeebs.Data.Apps.csproj", "{947F6189-FD20-4230-8B27-71D0953B1438}"
EndProject
Project("{2150E333-8FDC-42A3-9474-1A3956D46DE8}") = ".Logging", ".Logging", "{BD8813AD-C9E3-4B05-A9E0-F044D53AE06F}"
EndProject
Project("{9A19103F-16F7-4668-BE54-9A1E7A4F7556}") = "Jeebs.Logging.Serilog", "Libraries\Jeebs.Logging.Serilog\Jeebs.Logging.Serilog.csproj", "{7B521F2C-855B-4296-B02B-880F90E9A0E0}"
EndProject
Project("{9A19103F-16F7-4668-BE54-9A1E7A4F7556}") = "Jeebs.Config", "Libraries\Jeebs.Config\Jeebs.Config.csproj", "{829B619E-2CF5-4706-8B60-1F65B356E96F}"
EndProject
Project("{9A19103F-16F7-4668-BE54-9A1E7A4F7556}") = "Tests.Jeebs", "Tests\Tests.Jeebs\Tests.Jeebs.csproj", "{B9A66FB3-C415-4E29-A419-E5D50A7A29E4}"
EndProject
Project("{9A19103F-16F7-4668-BE54-9A1E7A4F7556}") = "Tests.Jeebs.Config", "Tests\Tests.Jeebs.Config\Tests.Jeebs.Config.csproj", "{FCB49E83-1E38-43D7-8FBD-F0775A171E3A}"
EndProject
Project("{9A19103F-16F7-4668-BE54-9A1E7A4F7556}") = "Jeebs.Cryptography", "Libraries\Jeebs.Cryptography\Jeebs.Cryptography.csproj", "{DAD8177A-B883-4D5C-AB79-5AB13796C86C}"
EndProject
Project("{9A19103F-16F7-4668-BE54-9A1E7A4F7556}") = "Tests.Jeebs.Cryptography", "Tests\Tests.Jeebs.Cryptography\Tests.Jeebs.Cryptography.csproj", "{95BAA070-C5CB-4056-A799-241D1DA4F45F}"
EndProject
Project("{2150E333-8FDC-42A3-9474-1A3956D46DE8}") = ".Data", ".Data", "{1ADCEE54-1EBE-4A6F-B558-7ECE4F7AB61A}"
EndProject
Project("{2150E333-8FDC-42A3-9474-1A3956D46DE8}") = ".Clients", ".Clients", "{D899A9DC-CBCF-44E8-BECE-73EB8911C6C2}"
EndProject
Project("{9A19103F-16F7-4668-BE54-9A1E7A4F7556}") = "Tests.Jeebs.Data.Clients.MySql", "Tests\Tests.Jeebs.Data.Clients.MySql\Tests.Jeebs.Data.Clients.MySql.csproj", "{F7794637-FAF0-4EF0-B42C-98CD8FD5B459}"
EndProject
Project("{9A19103F-16F7-4668-BE54-9A1E7A4F7556}") = "Tests.Jeebs.Data.Clients.SqlServer", "Tests\Tests.Jeebs.Data.Clients.SqlServer\Tests.Jeebs.Data.Clients.SqlServer.csproj", "{088834AB-1B3B-4967-BC07-15FEFA8EA8D0}"
EndProject
Project("{2150E333-8FDC-42A3-9474-1A3956D46DE8}") = ".WordPress", ".WordPress", "{0B5859A2-D126-488E-9232-9D71FCCFC777}"
EndProject
Project("{9A19103F-16F7-4668-BE54-9A1E7A4F7556}") = "Tests.Jeebs.WordPress", "Tests\Tests.Jeebs.WordPress\Tests.Jeebs.WordPress.csproj", "{285DAEFE-B0B8-4CFA-9517-795F56A0E6B6}"
EndProject
Project("{9A19103F-16F7-4668-BE54-9A1E7A4F7556}") = "Tests.Jeebs.Data", "Tests\Tests.Jeebs.Data\Tests.Jeebs.Data.csproj", "{656E74E2-9E0A-4404-B7A9-F124680D1050}"
EndProject
Project("{9A19103F-16F7-4668-BE54-9A1E7A4F7556}") = "Jeebs.Mvc", "Libraries\Jeebs.Mvc\Jeebs.Mvc.csproj", "{063DCBAE-D75F-4E35-9DFE-DDDC6F1CF93B}"
EndProject
Project("{9A19103F-16F7-4668-BE54-9A1E7A4F7556}") = "Jeebs.Data.Querying", "Libraries\Jeebs.Data.Querying\Jeebs.Data.Querying.csproj", "{04932585-CE4A-4DFB-AC3B-C78D5CC08F0B}"
EndProject
Project("{9A19103F-16F7-4668-BE54-9A1E7A4F7556}") = "Jeebs.Data.Mapping", "Libraries\Jeebs.Data.Mapping\Jeebs.Data.Mapping.csproj", "{0B737202-DF9D-41BA-B663-5D7BEDD20965}"
EndProject
Project("{9A19103F-16F7-4668-BE54-9A1E7A4F7556}") = "Jeebs.Mvc.Data", "Libraries\Jeebs.Mvc.Data\Jeebs.Mvc.Data.csproj", "{41C91591-CAD9-47F4-B1F1-EC34C708D7D1}"
EndProject
Project("{9A19103F-16F7-4668-BE54-9A1E7A4F7556}") = "Jeebs.Data.All", "Libraries\Jeebs.Data.All\Jeebs.Data.All.csproj", "{459EFDBE-D207-44FE-A8A9-4AA6B31EFA11}"
EndProject
Project("{2150E333-8FDC-42A3-9474-1A3956D46DE8}") = "Solution Items", "Solution Items", "{337B1DDD-1850-4F1A-8539-1854DD014FC0}"
	ProjectSection(SolutionItems) = preProject
		.editorconfig = .editorconfig
		.gitignore = .gitignore
		jeebs-v5.code-workspace = jeebs-v5.code-workspace
		LICENSE = LICENSE
		Local.pack.props = Local.pack.props
		Pack.csproj = Pack.csproj
		.github\workflows\publish.yml = .github\workflows\publish.yml
		README.md = README.md
		Test.csproj = Test.csproj
		.github\workflows\test.yml = .github\workflows\test.yml
		Version = Version
	EndProjectSection
EndProject
Project("{9A19103F-16F7-4668-BE54-9A1E7A4F7556}") = "Jeebs.Result", "Libraries\Jeebs.Result\Jeebs.Result.csproj", "{590FDBE0-20BD-47AD-A22E-DB123939036B}"
EndProject
Project("{9A19103F-16F7-4668-BE54-9A1E7A4F7556}") = "Tests.Jeebs.Result", "Tests\Tests.Jeebs.Result\Tests.Jeebs.Result.csproj", "{96D263BA-D4BF-4889-82FE-84246F4228A4}"
EndProject
Project("{9A19103F-16F7-4668-BE54-9A1E7A4F7556}") = "Jeebs.Result.Chain", "Libraries\Jeebs.Result.Chain\Jeebs.Result.Chain.csproj", "{8A2B4831-8F5E-43F3-A39E-FEF6AE2BE603}"
EndProject
Project("{9A19103F-16F7-4668-BE54-9A1E7A4F7556}") = "Tests.Jeebs.Result.Chain", "Tests\Tests.Jeebs.Result.Chain\Tests.Jeebs.Result.Chain.csproj", "{4BA9C1CB-5F59-4AB6-9236-7FD4DD778471}"
EndProject
Project("{2150E333-8FDC-42A3-9474-1A3956D46DE8}") = ".Services", ".Services", "{6C31552E-8082-4D9A-BA93-A6BA41A47000}"
EndProject
Project("{9A19103F-16F7-4668-BE54-9A1E7A4F7556}") = "Jeebs.Services.Twitter", "Libraries\Jeebs.Services.Twitter\Jeebs.Services.Twitter.csproj", "{954BD69F-0EBF-4995-A427-ABACD1511D08}"
EndProject
Project("{2150E333-8FDC-42A3-9474-1A3956D46DE8}") = ".Drivers", ".Drivers", "{C6413973-B7C3-4B42-90C0-ED07334291EC}"
EndProject
Project("{9A19103F-16F7-4668-BE54-9A1E7A4F7556}") = "Jeebs.Services.Drivers.Twitter.Tweetinvi", "Libraries\Jeebs.Services.Drivers.Twitter.Tweetinvi\Jeebs.Services.Drivers.Twitter.Tweetinvi.csproj", "{8CCA640D-0321-4BB1-92ED-034038735172}"
EndProject
Project("{9A19103F-16F7-4668-BE54-9A1E7A4F7556}") = "Jeebs.Services.Webhook", "Libraries\Jeebs.Services.Webhook\Jeebs.Services.Webhook.csproj", "{FE310151-9823-42D8-B565-839E0BC4D093}"
EndProject
Project("{9A19103F-16F7-4668-BE54-9A1E7A4F7556}") = "Jeebs.Services.Drivers.Webhook.Slack", "Libraries\Jeebs.Services.Drivers.Webhook.Slack\Jeebs.Services.Drivers.Webhook.Slack.csproj", "{6B090A78-9165-492A-87E9-E41113B18F8B}"
EndProject
Project("{9A19103F-16F7-4668-BE54-9A1E7A4F7556}") = "Jeebs.Services.Drivers.Webhook.Seq", "Libraries\Jeebs.Services.Drivers.Webhook.Seq\Jeebs.Services.Drivers.Webhook.Seq.csproj", "{6723F109-7975-4941-9FEE-AD331FAC5ADC}"
EndProject
Project("{9A19103F-16F7-4668-BE54-9A1E7A4F7556}") = "Jeebs.Services", "Libraries\Jeebs.Services\Jeebs.Services.csproj", "{F0F3417F-3CC5-457E-A490-6AD6AD6C904C}"
EndProject
Project("{9A19103F-16F7-4668-BE54-9A1E7A4F7556}") = "Jeebs.Services.Drivers.Webhook.RocketChat", "Libraries\Jeebs.Services.Drivers.Webhook.RocketChat\Jeebs.Services.Drivers.Webhook.RocketChat.csproj", "{8E9E8643-96D5-4C57-94D3-85A5A177BB95}"
EndProject
Project("{9A19103F-16F7-4668-BE54-9A1E7A4F7556}") = "Tests.Jeebs.Data.Mapping", "Tests\Tests.Jeebs.Data.Mapping\Tests.Jeebs.Data.Mapping.csproj", "{C78A7899-0DF9-4F2C-BA68-B15A21A20D95}"
EndProject
Project("{9A19103F-16F7-4668-BE54-9A1E7A4F7556}") = "Tests.Jeebs.Data.Querying", "Tests\Tests.Jeebs.Data.Querying\Tests.Jeebs.Data.Querying.csproj", "{9ECD3B7F-7B18-4868-820F-5A177CAF7E7F}"
EndProject
Project("{9A19103F-16F7-4668-BE54-9A1E7A4F7556}") = "Tests.Jeebs.Data.All", "Tests\Tests.Jeebs.Data.All\Tests.Jeebs.Data.All.csproj", "{51A7C00A-A195-4761-AD4A-AC034CF8B39A}"
EndProject
Project("{9A19103F-16F7-4668-BE54-9A1E7A4F7556}") = "Tests.Jeebs.Data.Apps", "Tests\Tests.Jeebs.Data.Apps\Tests.Jeebs.Data.Apps.csproj", "{7B6D82D1-BB09-4DA8-BDDC-89DB6A3B244B}"
EndProject
Project("{9A19103F-16F7-4668-BE54-9A1E7A4F7556}") = "Jeebs.Services.Drawing", "Libraries\Jeebs.Services.Drawing\Jeebs.Services.Drawing.csproj", "{7D68FB33-1BBF-428A-BF9B-ABFFDDE25906}"
EndProject
Project("{9A19103F-16F7-4668-BE54-9A1E7A4F7556}") = "Jeebs.Services.Drivers.Drawing.Common", "Libraries\Jeebs.Services.Drivers.Drawing.Common\Jeebs.Services.Drivers.Drawing.Common.csproj", "{0331C1AF-1DE0-4FCF-8862-6122CC028493}"
EndProject
Project("{9A19103F-16F7-4668-BE54-9A1E7A4F7556}") = "Jeebs.Option", "Libraries\Jeebs.Option\Jeebs.Option.csproj", "{BE5D8A29-671B-48D1-9B2E-C28F0D546660}"
EndProject
Project("{9A19103F-16F7-4668-BE54-9A1E7A4F7556}") = "Tests.Jeebs.Option", "Tests\Tests.Jeebs.Option\Tests.Jeebs.Option.csproj", "{E7CB3D11-E324-40A7-9DF0-209E49F33EBF}"
EndProject
Project("{2150E333-8FDC-42A3-9474-1A3956D46DE8}") = ".Mvc", ".Mvc", "{8687DA2A-88DE-4130-941B-62B80FA6D4A2}"
EndProject
Project("{2150E333-8FDC-42A3-9474-1A3956D46DE8}") = ".Auth", ".Auth", "{75C7BFF4-500A-4B3D-970A-67AAA5B4ECC2}"
EndProject
Project("{2150E333-8FDC-42A3-9474-1A3956D46DE8}") = ".Clients", ".Clients", "{28F7202A-D487-41AC-BC70-E2E821267FA3}"
EndProject
Project("{9A19103F-16F7-4668-BE54-9A1E7A4F7556}") = "Jeebs.Auth.Data", "Libraries\Jeebs.Auth.Data\Jeebs.Auth.Data.csproj", "{2E864550-F91A-435E-8E46-7B1AE5039685}"
EndProject
Project("{9A19103F-16F7-4668-BE54-9A1E7A4F7556}") = "Jeebs.Auth.Data.Clients.MySql", "Libraries\Jeebs.Auth.Data.Clients.MySql\Jeebs.Auth.Data.Clients.MySql.csproj", "{38B68CBF-662B-46DB-9BE1-703104270A64}"
EndProject
Project("{9A19103F-16F7-4668-BE54-9A1E7A4F7556}") = "Jeebs.Auth.Jwt", "Libraries\Jeebs.Auth.Jwt\Jeebs.Auth.Jwt.csproj", "{8FEB0EA7-8906-4227-B02B-AB663BA1C294}"
EndProject
Project("{9A19103F-16F7-4668-BE54-9A1E7A4F7556}") = "Jeebs.Auth.Data.Entities", "Libraries\Jeebs.Auth.Data.Entities\Jeebs.Auth.Data.Entities.csproj", "{280A612B-2572-4C58-A99C-E67621E8B959}"
EndProject
Project("{2150E333-8FDC-42A3-9474-1A3956D46DE8}") = ".Auth", ".Auth", "{904BAF5A-95DE-49B8-A3A9-A687988E39AA}"
EndProject
Project("{9A19103F-16F7-4668-BE54-9A1E7A4F7556}") = "Tests.Jeebs.Auth.Jwt", "Tests\Tests.Jeebs.Auth.Jwt\Tests.Jeebs.Auth.Jwt.csproj", "{A5FBF7B7-A294-4164-8C32-6C3FB59BE641}"
EndProject
Project("{9A19103F-16F7-4668-BE54-9A1E7A4F7556}") = "Jeebs.Mvc.Auth", "Libraries\Jeebs.Mvc.Auth\Jeebs.Mvc.Auth.csproj", "{6705657D-EDC5-4DD0-AC92-4618D8E23A6B}"
EndProject
Project("{2150E333-8FDC-42A3-9474-1A3956D46DE8}") = ".Mvc", ".Mvc", "{DB1C9D5F-BD41-4BEE-8D12-543728ADB33E}"
EndProject
Project("{9A19103F-16F7-4668-BE54-9A1E7A4F7556}") = "Tests.Jeebs.Mvc.Auth", "Tests\Tests.Jeebs.Mvc.Auth\Tests.Jeebs.Mvc.Auth.csproj", "{0281729B-3390-4BB4-9B96-E64A75F345B4}"
EndProject
Project("{9A19103F-16F7-4668-BE54-9A1E7A4F7556}") = "Jeebs.Abstractions", "Libraries\Jeebs.Abstractions\Jeebs.Abstractions.csproj", "{A3615C32-727D-4593-9ED6-9FC3B7769C19}"
EndProject
Project("{9A19103F-16F7-4668-BE54-9A1E7A4F7556}") = "Jeebs.Data.Abstractions", "Libraries\Jeebs.Data.Abstractions\Jeebs.Data.Abstractions.csproj", "{B1E4AD9B-4AAB-4F6E-8402-CD538037F23A}"
EndProject
Project("{9A19103F-16F7-4668-BE54-9A1E7A4F7556}") = "Jeebs.Result.Abstractions", "Libraries\Jeebs.Result.Abstractions\Jeebs.Result.Abstractions.csproj", "{6300C8FE-5CC6-4EFB-9799-E1760B58169E}"
EndProject
Project("{2150E333-8FDC-42A3-9474-1A3956D46DE8}") = ".Result", ".Result", "{33D11438-75BD-4A69-B079-16CC216618EB}"
EndProject
Project("{9A19103F-16F7-4668-BE54-9A1E7A4F7556}") = "Jeebs.Services.Abstractions", "Libraries\Jeebs.Services.Abstractions\Jeebs.Services.Abstractions.csproj", "{0B88E8FD-A617-4825-8EC4-63C27883D49E}"
EndProject
Project("{9A19103F-16F7-4668-BE54-9A1E7A4F7556}") = "Jeebs.Auth.Abstractions", "Libraries\Jeebs.Auth.Abstractions\Jeebs.Auth.Abstractions.csproj", "{6E553AE6-B2C9-41C1-AEE5-5B61B587FA37}"
EndProject
Project("{2150E333-8FDC-42A3-9474-1A3956D46DE8}") = ".Result", ".Result", "{5E418AB8-36BE-49B2-9084-D60339F2279B}"
EndProject
Project("{FAE04EC0-301F-11D3-BF4B-00C04F79EFBC}") = "Jeebs.Mvc.Auth.Razor", "Libraries\Jeebs.Mvc.Auth.Razor\Jeebs.Mvc.Auth.Razor.csproj", "{686DCA90-0550-45E7-9B65-BF4BBE9BBDB6}"
EndProject
Global
	GlobalSection(SolutionConfigurationPlatforms) = preSolution
		Debug|Any CPU = Debug|Any CPU
		Release|Any CPU = Release|Any CPU
	EndGlobalSection
	GlobalSection(ProjectConfigurationPlatforms) = postSolution
		{6CACF381-9F0A-41B1-9A14-715491CC6213}.Debug|Any CPU.ActiveCfg = Debug|Any CPU
		{6CACF381-9F0A-41B1-9A14-715491CC6213}.Debug|Any CPU.Build.0 = Debug|Any CPU
		{6CACF381-9F0A-41B1-9A14-715491CC6213}.Release|Any CPU.ActiveCfg = Release|Any CPU
		{6CACF381-9F0A-41B1-9A14-715491CC6213}.Release|Any CPU.Build.0 = Release|Any CPU
		{DA24A71C-0218-4E6A-8151-1E97F76154F8}.Debug|Any CPU.ActiveCfg = Debug|Any CPU
		{DA24A71C-0218-4E6A-8151-1E97F76154F8}.Debug|Any CPU.Build.0 = Debug|Any CPU
		{DA24A71C-0218-4E6A-8151-1E97F76154F8}.Release|Any CPU.ActiveCfg = Release|Any CPU
		{DA24A71C-0218-4E6A-8151-1E97F76154F8}.Release|Any CPU.Build.0 = Release|Any CPU
		{57A42A82-B6A3-41FF-8C77-3A0BCFA9A497}.Debug|Any CPU.ActiveCfg = Debug|Any CPU
		{57A42A82-B6A3-41FF-8C77-3A0BCFA9A497}.Debug|Any CPU.Build.0 = Debug|Any CPU
		{57A42A82-B6A3-41FF-8C77-3A0BCFA9A497}.Release|Any CPU.ActiveCfg = Release|Any CPU
		{57A42A82-B6A3-41FF-8C77-3A0BCFA9A497}.Release|Any CPU.Build.0 = Release|Any CPU
		{356A4CC7-CEA0-46A1-81FB-41AC3F0C1614}.Debug|Any CPU.ActiveCfg = Debug|Any CPU
		{356A4CC7-CEA0-46A1-81FB-41AC3F0C1614}.Debug|Any CPU.Build.0 = Debug|Any CPU
		{356A4CC7-CEA0-46A1-81FB-41AC3F0C1614}.Release|Any CPU.ActiveCfg = Release|Any CPU
		{356A4CC7-CEA0-46A1-81FB-41AC3F0C1614}.Release|Any CPU.Build.0 = Release|Any CPU
		{227E9F54-D49F-4E6B-9744-31F3A4E3E8D4}.Debug|Any CPU.ActiveCfg = Debug|Any CPU
		{227E9F54-D49F-4E6B-9744-31F3A4E3E8D4}.Debug|Any CPU.Build.0 = Debug|Any CPU
		{227E9F54-D49F-4E6B-9744-31F3A4E3E8D4}.Release|Any CPU.ActiveCfg = Release|Any CPU
		{227E9F54-D49F-4E6B-9744-31F3A4E3E8D4}.Release|Any CPU.Build.0 = Release|Any CPU
		{B22D88C5-A63B-425C-B12E-3471044EBB4F}.Debug|Any CPU.ActiveCfg = Debug|Any CPU
		{B22D88C5-A63B-425C-B12E-3471044EBB4F}.Debug|Any CPU.Build.0 = Debug|Any CPU
		{B22D88C5-A63B-425C-B12E-3471044EBB4F}.Release|Any CPU.ActiveCfg = Release|Any CPU
		{B22D88C5-A63B-425C-B12E-3471044EBB4F}.Release|Any CPU.Build.0 = Release|Any CPU
		{AE703837-1753-4408-A32D-97423655233F}.Debug|Any CPU.ActiveCfg = Debug|Any CPU
		{AE703837-1753-4408-A32D-97423655233F}.Debug|Any CPU.Build.0 = Debug|Any CPU
		{AE703837-1753-4408-A32D-97423655233F}.Release|Any CPU.ActiveCfg = Release|Any CPU
		{AE703837-1753-4408-A32D-97423655233F}.Release|Any CPU.Build.0 = Release|Any CPU
		{DD762A71-FC5F-4058-BE29-50AFC11E7862}.Debug|Any CPU.ActiveCfg = Debug|Any CPU
		{DD762A71-FC5F-4058-BE29-50AFC11E7862}.Debug|Any CPU.Build.0 = Debug|Any CPU
		{DD762A71-FC5F-4058-BE29-50AFC11E7862}.Release|Any CPU.ActiveCfg = Release|Any CPU
		{06D16977-CAA6-4F08-A9E6-D4BD1B3080A6}.Debug|Any CPU.ActiveCfg = Debug|Any CPU
		{06D16977-CAA6-4F08-A9E6-D4BD1B3080A6}.Debug|Any CPU.Build.0 = Debug|Any CPU
		{06D16977-CAA6-4F08-A9E6-D4BD1B3080A6}.Release|Any CPU.ActiveCfg = Release|Any CPU
		{ABC51F0B-438B-4BF9-AFDD-C85BA4F4EDFA}.Debug|Any CPU.ActiveCfg = Debug|Any CPU
		{ABC51F0B-438B-4BF9-AFDD-C85BA4F4EDFA}.Debug|Any CPU.Build.0 = Debug|Any CPU
		{ABC51F0B-438B-4BF9-AFDD-C85BA4F4EDFA}.Release|Any CPU.ActiveCfg = Release|Any CPU
		{FC3FA7F8-B572-41D3-9381-E4F70D059536}.Debug|Any CPU.ActiveCfg = Debug|Any CPU
		{FC3FA7F8-B572-41D3-9381-E4F70D059536}.Debug|Any CPU.Build.0 = Debug|Any CPU
		{FC3FA7F8-B572-41D3-9381-E4F70D059536}.Release|Any CPU.ActiveCfg = Release|Any CPU
		{FC3FA7F8-B572-41D3-9381-E4F70D059536}.Release|Any CPU.Build.0 = Release|Any CPU
		{95B72871-8799-43BB-AF07-C2C719BB0118}.Debug|Any CPU.ActiveCfg = Debug|Any CPU
		{95B72871-8799-43BB-AF07-C2C719BB0118}.Debug|Any CPU.Build.0 = Debug|Any CPU
		{95B72871-8799-43BB-AF07-C2C719BB0118}.Release|Any CPU.ActiveCfg = Release|Any CPU
		{95B72871-8799-43BB-AF07-C2C719BB0118}.Release|Any CPU.Build.0 = Release|Any CPU
		{1E88CE0B-D46D-4886-9D80-9CC22FE49CB0}.Debug|Any CPU.ActiveCfg = Debug|Any CPU
		{1E88CE0B-D46D-4886-9D80-9CC22FE49CB0}.Debug|Any CPU.Build.0 = Debug|Any CPU
		{1E88CE0B-D46D-4886-9D80-9CC22FE49CB0}.Release|Any CPU.ActiveCfg = Release|Any CPU
		{324EDD9C-5236-41A5-9253-A4336248FE5C}.Debug|Any CPU.ActiveCfg = Debug|Any CPU
		{324EDD9C-5236-41A5-9253-A4336248FE5C}.Debug|Any CPU.Build.0 = Debug|Any CPU
		{324EDD9C-5236-41A5-9253-A4336248FE5C}.Release|Any CPU.ActiveCfg = Release|Any CPU
		{52CF9096-6186-48F0-8481-BFC6E4E0CFA4}.Debug|Any CPU.ActiveCfg = Debug|Any CPU
		{52CF9096-6186-48F0-8481-BFC6E4E0CFA4}.Debug|Any CPU.Build.0 = Debug|Any CPU
		{52CF9096-6186-48F0-8481-BFC6E4E0CFA4}.Release|Any CPU.ActiveCfg = Release|Any CPU
		{947F6189-FD20-4230-8B27-71D0953B1438}.Debug|Any CPU.ActiveCfg = Debug|Any CPU
		{947F6189-FD20-4230-8B27-71D0953B1438}.Debug|Any CPU.Build.0 = Debug|Any CPU
		{947F6189-FD20-4230-8B27-71D0953B1438}.Release|Any CPU.ActiveCfg = Release|Any CPU
		{947F6189-FD20-4230-8B27-71D0953B1438}.Release|Any CPU.Build.0 = Release|Any CPU
		{7B521F2C-855B-4296-B02B-880F90E9A0E0}.Debug|Any CPU.ActiveCfg = Debug|Any CPU
		{7B521F2C-855B-4296-B02B-880F90E9A0E0}.Debug|Any CPU.Build.0 = Debug|Any CPU
		{7B521F2C-855B-4296-B02B-880F90E9A0E0}.Release|Any CPU.ActiveCfg = Release|Any CPU
		{7B521F2C-855B-4296-B02B-880F90E9A0E0}.Release|Any CPU.Build.0 = Release|Any CPU
		{829B619E-2CF5-4706-8B60-1F65B356E96F}.Debug|Any CPU.ActiveCfg = Debug|Any CPU
		{829B619E-2CF5-4706-8B60-1F65B356E96F}.Debug|Any CPU.Build.0 = Debug|Any CPU
		{829B619E-2CF5-4706-8B60-1F65B356E96F}.Release|Any CPU.ActiveCfg = Release|Any CPU
		{829B619E-2CF5-4706-8B60-1F65B356E96F}.Release|Any CPU.Build.0 = Release|Any CPU
		{B9A66FB3-C415-4E29-A419-E5D50A7A29E4}.Debug|Any CPU.ActiveCfg = Debug|Any CPU
		{B9A66FB3-C415-4E29-A419-E5D50A7A29E4}.Debug|Any CPU.Build.0 = Debug|Any CPU
		{B9A66FB3-C415-4E29-A419-E5D50A7A29E4}.Release|Any CPU.ActiveCfg = Release|Any CPU
		{B9A66FB3-C415-4E29-A419-E5D50A7A29E4}.Release|Any CPU.Build.0 = Release|Any CPU
		{FCB49E83-1E38-43D7-8FBD-F0775A171E3A}.Debug|Any CPU.ActiveCfg = Debug|Any CPU
		{FCB49E83-1E38-43D7-8FBD-F0775A171E3A}.Debug|Any CPU.Build.0 = Debug|Any CPU
		{FCB49E83-1E38-43D7-8FBD-F0775A171E3A}.Release|Any CPU.ActiveCfg = Release|Any CPU
		{FCB49E83-1E38-43D7-8FBD-F0775A171E3A}.Release|Any CPU.Build.0 = Release|Any CPU
		{DAD8177A-B883-4D5C-AB79-5AB13796C86C}.Debug|Any CPU.ActiveCfg = Debug|Any CPU
		{DAD8177A-B883-4D5C-AB79-5AB13796C86C}.Debug|Any CPU.Build.0 = Debug|Any CPU
		{DAD8177A-B883-4D5C-AB79-5AB13796C86C}.Release|Any CPU.ActiveCfg = Release|Any CPU
		{DAD8177A-B883-4D5C-AB79-5AB13796C86C}.Release|Any CPU.Build.0 = Release|Any CPU
		{95BAA070-C5CB-4056-A799-241D1DA4F45F}.Debug|Any CPU.ActiveCfg = Debug|Any CPU
		{95BAA070-C5CB-4056-A799-241D1DA4F45F}.Debug|Any CPU.Build.0 = Debug|Any CPU
		{95BAA070-C5CB-4056-A799-241D1DA4F45F}.Release|Any CPU.ActiveCfg = Release|Any CPU
		{95BAA070-C5CB-4056-A799-241D1DA4F45F}.Release|Any CPU.Build.0 = Release|Any CPU
		{F7794637-FAF0-4EF0-B42C-98CD8FD5B459}.Debug|Any CPU.ActiveCfg = Debug|Any CPU
		{F7794637-FAF0-4EF0-B42C-98CD8FD5B459}.Debug|Any CPU.Build.0 = Debug|Any CPU
		{F7794637-FAF0-4EF0-B42C-98CD8FD5B459}.Release|Any CPU.ActiveCfg = Release|Any CPU
		{F7794637-FAF0-4EF0-B42C-98CD8FD5B459}.Release|Any CPU.Build.0 = Release|Any CPU
		{088834AB-1B3B-4967-BC07-15FEFA8EA8D0}.Debug|Any CPU.ActiveCfg = Debug|Any CPU
		{088834AB-1B3B-4967-BC07-15FEFA8EA8D0}.Debug|Any CPU.Build.0 = Debug|Any CPU
		{088834AB-1B3B-4967-BC07-15FEFA8EA8D0}.Release|Any CPU.ActiveCfg = Release|Any CPU
		{088834AB-1B3B-4967-BC07-15FEFA8EA8D0}.Release|Any CPU.Build.0 = Release|Any CPU
		{285DAEFE-B0B8-4CFA-9517-795F56A0E6B6}.Debug|Any CPU.ActiveCfg = Debug|Any CPU
		{285DAEFE-B0B8-4CFA-9517-795F56A0E6B6}.Debug|Any CPU.Build.0 = Debug|Any CPU
		{285DAEFE-B0B8-4CFA-9517-795F56A0E6B6}.Release|Any CPU.ActiveCfg = Release|Any CPU
		{285DAEFE-B0B8-4CFA-9517-795F56A0E6B6}.Release|Any CPU.Build.0 = Release|Any CPU
		{656E74E2-9E0A-4404-B7A9-F124680D1050}.Debug|Any CPU.ActiveCfg = Debug|Any CPU
		{656E74E2-9E0A-4404-B7A9-F124680D1050}.Debug|Any CPU.Build.0 = Debug|Any CPU
		{656E74E2-9E0A-4404-B7A9-F124680D1050}.Release|Any CPU.ActiveCfg = Release|Any CPU
		{656E74E2-9E0A-4404-B7A9-F124680D1050}.Release|Any CPU.Build.0 = Release|Any CPU
		{063DCBAE-D75F-4E35-9DFE-DDDC6F1CF93B}.Debug|Any CPU.ActiveCfg = Debug|Any CPU
		{063DCBAE-D75F-4E35-9DFE-DDDC6F1CF93B}.Debug|Any CPU.Build.0 = Debug|Any CPU
		{063DCBAE-D75F-4E35-9DFE-DDDC6F1CF93B}.Release|Any CPU.ActiveCfg = Release|Any CPU
		{063DCBAE-D75F-4E35-9DFE-DDDC6F1CF93B}.Release|Any CPU.Build.0 = Release|Any CPU
		{04932585-CE4A-4DFB-AC3B-C78D5CC08F0B}.Debug|Any CPU.ActiveCfg = Debug|Any CPU
		{04932585-CE4A-4DFB-AC3B-C78D5CC08F0B}.Debug|Any CPU.Build.0 = Debug|Any CPU
		{04932585-CE4A-4DFB-AC3B-C78D5CC08F0B}.Release|Any CPU.ActiveCfg = Release|Any CPU
		{04932585-CE4A-4DFB-AC3B-C78D5CC08F0B}.Release|Any CPU.Build.0 = Release|Any CPU
		{0B737202-DF9D-41BA-B663-5D7BEDD20965}.Debug|Any CPU.ActiveCfg = Debug|Any CPU
		{0B737202-DF9D-41BA-B663-5D7BEDD20965}.Debug|Any CPU.Build.0 = Debug|Any CPU
		{0B737202-DF9D-41BA-B663-5D7BEDD20965}.Release|Any CPU.ActiveCfg = Release|Any CPU
		{0B737202-DF9D-41BA-B663-5D7BEDD20965}.Release|Any CPU.Build.0 = Release|Any CPU
		{41C91591-CAD9-47F4-B1F1-EC34C708D7D1}.Debug|Any CPU.ActiveCfg = Debug|Any CPU
		{41C91591-CAD9-47F4-B1F1-EC34C708D7D1}.Debug|Any CPU.Build.0 = Debug|Any CPU
		{41C91591-CAD9-47F4-B1F1-EC34C708D7D1}.Release|Any CPU.ActiveCfg = Release|Any CPU
		{41C91591-CAD9-47F4-B1F1-EC34C708D7D1}.Release|Any CPU.Build.0 = Release|Any CPU
		{459EFDBE-D207-44FE-A8A9-4AA6B31EFA11}.Debug|Any CPU.ActiveCfg = Debug|Any CPU
		{459EFDBE-D207-44FE-A8A9-4AA6B31EFA11}.Debug|Any CPU.Build.0 = Debug|Any CPU
		{459EFDBE-D207-44FE-A8A9-4AA6B31EFA11}.Release|Any CPU.ActiveCfg = Release|Any CPU
		{459EFDBE-D207-44FE-A8A9-4AA6B31EFA11}.Release|Any CPU.Build.0 = Release|Any CPU
		{590FDBE0-20BD-47AD-A22E-DB123939036B}.Debug|Any CPU.ActiveCfg = Debug|Any CPU
		{590FDBE0-20BD-47AD-A22E-DB123939036B}.Debug|Any CPU.Build.0 = Debug|Any CPU
		{590FDBE0-20BD-47AD-A22E-DB123939036B}.Release|Any CPU.ActiveCfg = Release|Any CPU
		{590FDBE0-20BD-47AD-A22E-DB123939036B}.Release|Any CPU.Build.0 = Release|Any CPU
		{96D263BA-D4BF-4889-82FE-84246F4228A4}.Debug|Any CPU.ActiveCfg = Debug|Any CPU
		{96D263BA-D4BF-4889-82FE-84246F4228A4}.Debug|Any CPU.Build.0 = Debug|Any CPU
		{96D263BA-D4BF-4889-82FE-84246F4228A4}.Release|Any CPU.ActiveCfg = Release|Any CPU
		{96D263BA-D4BF-4889-82FE-84246F4228A4}.Release|Any CPU.Build.0 = Release|Any CPU
		{8A2B4831-8F5E-43F3-A39E-FEF6AE2BE603}.Debug|Any CPU.ActiveCfg = Debug|Any CPU
		{8A2B4831-8F5E-43F3-A39E-FEF6AE2BE603}.Debug|Any CPU.Build.0 = Debug|Any CPU
		{8A2B4831-8F5E-43F3-A39E-FEF6AE2BE603}.Release|Any CPU.ActiveCfg = Release|Any CPU
		{8A2B4831-8F5E-43F3-A39E-FEF6AE2BE603}.Release|Any CPU.Build.0 = Release|Any CPU
		{4BA9C1CB-5F59-4AB6-9236-7FD4DD778471}.Debug|Any CPU.ActiveCfg = Debug|Any CPU
		{4BA9C1CB-5F59-4AB6-9236-7FD4DD778471}.Debug|Any CPU.Build.0 = Debug|Any CPU
		{4BA9C1CB-5F59-4AB6-9236-7FD4DD778471}.Release|Any CPU.ActiveCfg = Release|Any CPU
		{4BA9C1CB-5F59-4AB6-9236-7FD4DD778471}.Release|Any CPU.Build.0 = Release|Any CPU
		{954BD69F-0EBF-4995-A427-ABACD1511D08}.Debug|Any CPU.ActiveCfg = Debug|Any CPU
		{954BD69F-0EBF-4995-A427-ABACD1511D08}.Debug|Any CPU.Build.0 = Debug|Any CPU
		{954BD69F-0EBF-4995-A427-ABACD1511D08}.Release|Any CPU.ActiveCfg = Release|Any CPU
		{954BD69F-0EBF-4995-A427-ABACD1511D08}.Release|Any CPU.Build.0 = Release|Any CPU
		{8CCA640D-0321-4BB1-92ED-034038735172}.Debug|Any CPU.ActiveCfg = Debug|Any CPU
		{8CCA640D-0321-4BB1-92ED-034038735172}.Debug|Any CPU.Build.0 = Debug|Any CPU
		{8CCA640D-0321-4BB1-92ED-034038735172}.Release|Any CPU.ActiveCfg = Release|Any CPU
		{8CCA640D-0321-4BB1-92ED-034038735172}.Release|Any CPU.Build.0 = Release|Any CPU
		{FE310151-9823-42D8-B565-839E0BC4D093}.Debug|Any CPU.ActiveCfg = Debug|Any CPU
		{FE310151-9823-42D8-B565-839E0BC4D093}.Debug|Any CPU.Build.0 = Debug|Any CPU
		{FE310151-9823-42D8-B565-839E0BC4D093}.Release|Any CPU.ActiveCfg = Release|Any CPU
		{FE310151-9823-42D8-B565-839E0BC4D093}.Release|Any CPU.Build.0 = Release|Any CPU
		{6B090A78-9165-492A-87E9-E41113B18F8B}.Debug|Any CPU.ActiveCfg = Debug|Any CPU
		{6B090A78-9165-492A-87E9-E41113B18F8B}.Debug|Any CPU.Build.0 = Debug|Any CPU
		{6B090A78-9165-492A-87E9-E41113B18F8B}.Release|Any CPU.ActiveCfg = Release|Any CPU
		{6B090A78-9165-492A-87E9-E41113B18F8B}.Release|Any CPU.Build.0 = Release|Any CPU
		{6723F109-7975-4941-9FEE-AD331FAC5ADC}.Debug|Any CPU.ActiveCfg = Debug|Any CPU
		{6723F109-7975-4941-9FEE-AD331FAC5ADC}.Debug|Any CPU.Build.0 = Debug|Any CPU
		{6723F109-7975-4941-9FEE-AD331FAC5ADC}.Release|Any CPU.ActiveCfg = Release|Any CPU
		{6723F109-7975-4941-9FEE-AD331FAC5ADC}.Release|Any CPU.Build.0 = Release|Any CPU
		{F0F3417F-3CC5-457E-A490-6AD6AD6C904C}.Debug|Any CPU.ActiveCfg = Debug|Any CPU
		{F0F3417F-3CC5-457E-A490-6AD6AD6C904C}.Debug|Any CPU.Build.0 = Debug|Any CPU
		{F0F3417F-3CC5-457E-A490-6AD6AD6C904C}.Release|Any CPU.ActiveCfg = Release|Any CPU
		{F0F3417F-3CC5-457E-A490-6AD6AD6C904C}.Release|Any CPU.Build.0 = Release|Any CPU
		{8E9E8643-96D5-4C57-94D3-85A5A177BB95}.Debug|Any CPU.ActiveCfg = Debug|Any CPU
		{8E9E8643-96D5-4C57-94D3-85A5A177BB95}.Debug|Any CPU.Build.0 = Debug|Any CPU
		{8E9E8643-96D5-4C57-94D3-85A5A177BB95}.Release|Any CPU.ActiveCfg = Release|Any CPU
		{8E9E8643-96D5-4C57-94D3-85A5A177BB95}.Release|Any CPU.Build.0 = Release|Any CPU
		{C78A7899-0DF9-4F2C-BA68-B15A21A20D95}.Debug|Any CPU.ActiveCfg = Debug|Any CPU
		{C78A7899-0DF9-4F2C-BA68-B15A21A20D95}.Debug|Any CPU.Build.0 = Debug|Any CPU
		{C78A7899-0DF9-4F2C-BA68-B15A21A20D95}.Release|Any CPU.ActiveCfg = Release|Any CPU
		{C78A7899-0DF9-4F2C-BA68-B15A21A20D95}.Release|Any CPU.Build.0 = Release|Any CPU
		{9ECD3B7F-7B18-4868-820F-5A177CAF7E7F}.Debug|Any CPU.ActiveCfg = Debug|Any CPU
		{9ECD3B7F-7B18-4868-820F-5A177CAF7E7F}.Debug|Any CPU.Build.0 = Debug|Any CPU
		{9ECD3B7F-7B18-4868-820F-5A177CAF7E7F}.Release|Any CPU.ActiveCfg = Release|Any CPU
		{9ECD3B7F-7B18-4868-820F-5A177CAF7E7F}.Release|Any CPU.Build.0 = Release|Any CPU
		{51A7C00A-A195-4761-AD4A-AC034CF8B39A}.Debug|Any CPU.ActiveCfg = Debug|Any CPU
		{51A7C00A-A195-4761-AD4A-AC034CF8B39A}.Debug|Any CPU.Build.0 = Debug|Any CPU
		{51A7C00A-A195-4761-AD4A-AC034CF8B39A}.Release|Any CPU.ActiveCfg = Release|Any CPU
		{51A7C00A-A195-4761-AD4A-AC034CF8B39A}.Release|Any CPU.Build.0 = Release|Any CPU
		{7B6D82D1-BB09-4DA8-BDDC-89DB6A3B244B}.Debug|Any CPU.ActiveCfg = Debug|Any CPU
		{7B6D82D1-BB09-4DA8-BDDC-89DB6A3B244B}.Debug|Any CPU.Build.0 = Debug|Any CPU
		{7B6D82D1-BB09-4DA8-BDDC-89DB6A3B244B}.Release|Any CPU.ActiveCfg = Release|Any CPU
		{7B6D82D1-BB09-4DA8-BDDC-89DB6A3B244B}.Release|Any CPU.Build.0 = Release|Any CPU
		{7D68FB33-1BBF-428A-BF9B-ABFFDDE25906}.Debug|Any CPU.ActiveCfg = Debug|Any CPU
		{7D68FB33-1BBF-428A-BF9B-ABFFDDE25906}.Debug|Any CPU.Build.0 = Debug|Any CPU
		{7D68FB33-1BBF-428A-BF9B-ABFFDDE25906}.Release|Any CPU.ActiveCfg = Release|Any CPU
		{7D68FB33-1BBF-428A-BF9B-ABFFDDE25906}.Release|Any CPU.Build.0 = Release|Any CPU
		{0331C1AF-1DE0-4FCF-8862-6122CC028493}.Debug|Any CPU.ActiveCfg = Debug|Any CPU
		{0331C1AF-1DE0-4FCF-8862-6122CC028493}.Debug|Any CPU.Build.0 = Debug|Any CPU
		{0331C1AF-1DE0-4FCF-8862-6122CC028493}.Release|Any CPU.ActiveCfg = Release|Any CPU
		{0331C1AF-1DE0-4FCF-8862-6122CC028493}.Release|Any CPU.Build.0 = Release|Any CPU
		{BE5D8A29-671B-48D1-9B2E-C28F0D546660}.Debug|Any CPU.ActiveCfg = Debug|Any CPU
		{BE5D8A29-671B-48D1-9B2E-C28F0D546660}.Debug|Any CPU.Build.0 = Debug|Any CPU
		{BE5D8A29-671B-48D1-9B2E-C28F0D546660}.Release|Any CPU.ActiveCfg = Release|Any CPU
		{BE5D8A29-671B-48D1-9B2E-C28F0D546660}.Release|Any CPU.Build.0 = Release|Any CPU
		{E7CB3D11-E324-40A7-9DF0-209E49F33EBF}.Debug|Any CPU.ActiveCfg = Debug|Any CPU
		{E7CB3D11-E324-40A7-9DF0-209E49F33EBF}.Debug|Any CPU.Build.0 = Debug|Any CPU
		{E7CB3D11-E324-40A7-9DF0-209E49F33EBF}.Release|Any CPU.ActiveCfg = Release|Any CPU
		{E7CB3D11-E324-40A7-9DF0-209E49F33EBF}.Release|Any CPU.Build.0 = Release|Any CPU
		{2E864550-F91A-435E-8E46-7B1AE5039685}.Debug|Any CPU.ActiveCfg = Debug|Any CPU
		{2E864550-F91A-435E-8E46-7B1AE5039685}.Debug|Any CPU.Build.0 = Debug|Any CPU
		{2E864550-F91A-435E-8E46-7B1AE5039685}.Release|Any CPU.ActiveCfg = Release|Any CPU
		{2E864550-F91A-435E-8E46-7B1AE5039685}.Release|Any CPU.Build.0 = Release|Any CPU
		{38B68CBF-662B-46DB-9BE1-703104270A64}.Debug|Any CPU.ActiveCfg = Debug|Any CPU
		{38B68CBF-662B-46DB-9BE1-703104270A64}.Debug|Any CPU.Build.0 = Debug|Any CPU
		{38B68CBF-662B-46DB-9BE1-703104270A64}.Release|Any CPU.ActiveCfg = Release|Any CPU
		{38B68CBF-662B-46DB-9BE1-703104270A64}.Release|Any CPU.Build.0 = Release|Any CPU
		{8FEB0EA7-8906-4227-B02B-AB663BA1C294}.Debug|Any CPU.ActiveCfg = Debug|Any CPU
		{8FEB0EA7-8906-4227-B02B-AB663BA1C294}.Debug|Any CPU.Build.0 = Debug|Any CPU
		{8FEB0EA7-8906-4227-B02B-AB663BA1C294}.Release|Any CPU.ActiveCfg = Release|Any CPU
		{8FEB0EA7-8906-4227-B02B-AB663BA1C294}.Release|Any CPU.Build.0 = Release|Any CPU
		{280A612B-2572-4C58-A99C-E67621E8B959}.Debug|Any CPU.ActiveCfg = Debug|Any CPU
		{280A612B-2572-4C58-A99C-E67621E8B959}.Debug|Any CPU.Build.0 = Debug|Any CPU
		{280A612B-2572-4C58-A99C-E67621E8B959}.Release|Any CPU.ActiveCfg = Release|Any CPU
		{280A612B-2572-4C58-A99C-E67621E8B959}.Release|Any CPU.Build.0 = Release|Any CPU
		{A5FBF7B7-A294-4164-8C32-6C3FB59BE641}.Debug|Any CPU.ActiveCfg = Debug|Any CPU
		{A5FBF7B7-A294-4164-8C32-6C3FB59BE641}.Debug|Any CPU.Build.0 = Debug|Any CPU
		{A5FBF7B7-A294-4164-8C32-6C3FB59BE641}.Release|Any CPU.ActiveCfg = Release|Any CPU
		{A5FBF7B7-A294-4164-8C32-6C3FB59BE641}.Release|Any CPU.Build.0 = Release|Any CPU
		{6705657D-EDC5-4DD0-AC92-4618D8E23A6B}.Debug|Any CPU.ActiveCfg = Debug|Any CPU
		{6705657D-EDC5-4DD0-AC92-4618D8E23A6B}.Debug|Any CPU.Build.0 = Debug|Any CPU
		{6705657D-EDC5-4DD0-AC92-4618D8E23A6B}.Release|Any CPU.ActiveCfg = Release|Any CPU
		{6705657D-EDC5-4DD0-AC92-4618D8E23A6B}.Release|Any CPU.Build.0 = Release|Any CPU
		{0281729B-3390-4BB4-9B96-E64A75F345B4}.Debug|Any CPU.ActiveCfg = Debug|Any CPU
		{0281729B-3390-4BB4-9B96-E64A75F345B4}.Debug|Any CPU.Build.0 = Debug|Any CPU
		{0281729B-3390-4BB4-9B96-E64A75F345B4}.Release|Any CPU.ActiveCfg = Release|Any CPU
		{0281729B-3390-4BB4-9B96-E64A75F345B4}.Release|Any CPU.Build.0 = Release|Any CPU
		{A3615C32-727D-4593-9ED6-9FC3B7769C19}.Debug|Any CPU.ActiveCfg = Debug|Any CPU
		{A3615C32-727D-4593-9ED6-9FC3B7769C19}.Debug|Any CPU.Build.0 = Debug|Any CPU
		{A3615C32-727D-4593-9ED6-9FC3B7769C19}.Release|Any CPU.ActiveCfg = Release|Any CPU
		{A3615C32-727D-4593-9ED6-9FC3B7769C19}.Release|Any CPU.Build.0 = Release|Any CPU
		{B1E4AD9B-4AAB-4F6E-8402-CD538037F23A}.Debug|Any CPU.ActiveCfg = Debug|Any CPU
		{B1E4AD9B-4AAB-4F6E-8402-CD538037F23A}.Debug|Any CPU.Build.0 = Debug|Any CPU
		{B1E4AD9B-4AAB-4F6E-8402-CD538037F23A}.Release|Any CPU.ActiveCfg = Release|Any CPU
		{B1E4AD9B-4AAB-4F6E-8402-CD538037F23A}.Release|Any CPU.Build.0 = Release|Any CPU
		{6300C8FE-5CC6-4EFB-9799-E1760B58169E}.Debug|Any CPU.ActiveCfg = Debug|Any CPU
		{6300C8FE-5CC6-4EFB-9799-E1760B58169E}.Debug|Any CPU.Build.0 = Debug|Any CPU
		{6300C8FE-5CC6-4EFB-9799-E1760B58169E}.Release|Any CPU.ActiveCfg = Release|Any CPU
		{6300C8FE-5CC6-4EFB-9799-E1760B58169E}.Release|Any CPU.Build.0 = Release|Any CPU
		{0B88E8FD-A617-4825-8EC4-63C27883D49E}.Debug|Any CPU.ActiveCfg = Debug|Any CPU
		{0B88E8FD-A617-4825-8EC4-63C27883D49E}.Debug|Any CPU.Build.0 = Debug|Any CPU
		{0B88E8FD-A617-4825-8EC4-63C27883D49E}.Release|Any CPU.ActiveCfg = Release|Any CPU
		{0B88E8FD-A617-4825-8EC4-63C27883D49E}.Release|Any CPU.Build.0 = Release|Any CPU
		{6E553AE6-B2C9-41C1-AEE5-5B61B587FA37}.Debug|Any CPU.ActiveCfg = Debug|Any CPU
		{6E553AE6-B2C9-41C1-AEE5-5B61B587FA37}.Debug|Any CPU.Build.0 = Debug|Any CPU
		{6E553AE6-B2C9-41C1-AEE5-5B61B587FA37}.Release|Any CPU.ActiveCfg = Release|Any CPU
		{6E553AE6-B2C9-41C1-AEE5-5B61B587FA37}.Release|Any CPU.Build.0 = Release|Any CPU
		{686DCA90-0550-45E7-9B65-BF4BBE9BBDB6}.Debug|Any CPU.ActiveCfg = Debug|Any CPU
		{686DCA90-0550-45E7-9B65-BF4BBE9BBDB6}.Debug|Any CPU.Build.0 = Debug|Any CPU
		{686DCA90-0550-45E7-9B65-BF4BBE9BBDB6}.Release|Any CPU.ActiveCfg = Release|Any CPU
		{686DCA90-0550-45E7-9B65-BF4BBE9BBDB6}.Release|Any CPU.Build.0 = Release|Any CPU
	EndGlobalSection
	GlobalSection(SolutionProperties) = preSolution
		HideSolutionNode = FALSE
	EndGlobalSection
	GlobalSection(NestedProjects) = preSolution
		{6CACF381-9F0A-41B1-9A14-715491CC6213} = {0B3996E1-B1FF-4037-B3FB-15E0ABE01032}
		{DA24A71C-0218-4E6A-8151-1E97F76154F8} = {0B3996E1-B1FF-4037-B3FB-15E0ABE01032}
		{57A42A82-B6A3-41FF-8C77-3A0BCFA9A497} = {2C74A640-5088-487E-8B3D-0B8C818EDFCB}
		{2C74A640-5088-487E-8B3D-0B8C818EDFCB} = {3B7FCEFA-5DFE-455A-B96E-78ADA70DABE6}
		{0B3996E1-B1FF-4037-B3FB-15E0ABE01032} = {3B7FCEFA-5DFE-455A-B96E-78ADA70DABE6}
		{356A4CC7-CEA0-46A1-81FB-41AC3F0C1614} = {3B7FCEFA-5DFE-455A-B96E-78ADA70DABE6}
		{227E9F54-D49F-4E6B-9744-31F3A4E3E8D4} = {F005B321-074A-4182-869A-5E7E1CE8F9DA}
		{9BE173C5-9B68-4F6D-BF76-283EA7C8C73A} = {2C74A640-5088-487E-8B3D-0B8C818EDFCB}
		{B22D88C5-A63B-425C-B12E-3471044EBB4F} = {9BE173C5-9B68-4F6D-BF76-283EA7C8C73A}
		{AE703837-1753-4408-A32D-97423655233F} = {9BE173C5-9B68-4F6D-BF76-283EA7C8C73A}
		{DD762A71-FC5F-4058-BE29-50AFC11E7862} = {A256449B-4234-43DD-B18F-741D69906712}
		{06D16977-CAA6-4F08-A9E6-D4BD1B3080A6} = {A256449B-4234-43DD-B18F-741D69906712}
		{ABC51F0B-438B-4BF9-AFDD-C85BA4F4EDFA} = {A256449B-4234-43DD-B18F-741D69906712}
		{F005B321-074A-4182-869A-5E7E1CE8F9DA} = {3B7FCEFA-5DFE-455A-B96E-78ADA70DABE6}
		{FC3FA7F8-B572-41D3-9381-E4F70D059536} = {F005B321-074A-4182-869A-5E7E1CE8F9DA}
		{95B72871-8799-43BB-AF07-C2C719BB0118} = {F005B321-074A-4182-869A-5E7E1CE8F9DA}
		{1E88CE0B-D46D-4886-9D80-9CC22FE49CB0} = {A256449B-4234-43DD-B18F-741D69906712}
		{324EDD9C-5236-41A5-9253-A4336248FE5C} = {A256449B-4234-43DD-B18F-741D69906712}
		{52CF9096-6186-48F0-8481-BFC6E4E0CFA4} = {A256449B-4234-43DD-B18F-741D69906712}
		{947F6189-FD20-4230-8B27-71D0953B1438} = {2C74A640-5088-487E-8B3D-0B8C818EDFCB}
		{BD8813AD-C9E3-4B05-A9E0-F044D53AE06F} = {3B7FCEFA-5DFE-455A-B96E-78ADA70DABE6}
		{7B521F2C-855B-4296-B02B-880F90E9A0E0} = {BD8813AD-C9E3-4B05-A9E0-F044D53AE06F}
		{829B619E-2CF5-4706-8B60-1F65B356E96F} = {3B7FCEFA-5DFE-455A-B96E-78ADA70DABE6}
		{B9A66FB3-C415-4E29-A419-E5D50A7A29E4} = {1172BF25-0DDE-4B03-9075-9EB0B75A4537}
		{FCB49E83-1E38-43D7-8FBD-F0775A171E3A} = {1172BF25-0DDE-4B03-9075-9EB0B75A4537}
		{DAD8177A-B883-4D5C-AB79-5AB13796C86C} = {3B7FCEFA-5DFE-455A-B96E-78ADA70DABE6}
		{95BAA070-C5CB-4056-A799-241D1DA4F45F} = {1172BF25-0DDE-4B03-9075-9EB0B75A4537}
		{1ADCEE54-1EBE-4A6F-B558-7ECE4F7AB61A} = {1172BF25-0DDE-4B03-9075-9EB0B75A4537}
		{D899A9DC-CBCF-44E8-BECE-73EB8911C6C2} = {1ADCEE54-1EBE-4A6F-B558-7ECE4F7AB61A}
		{F7794637-FAF0-4EF0-B42C-98CD8FD5B459} = {D899A9DC-CBCF-44E8-BECE-73EB8911C6C2}
		{088834AB-1B3B-4967-BC07-15FEFA8EA8D0} = {D899A9DC-CBCF-44E8-BECE-73EB8911C6C2}
		{0B5859A2-D126-488E-9232-9D71FCCFC777} = {1172BF25-0DDE-4B03-9075-9EB0B75A4537}
		{285DAEFE-B0B8-4CFA-9517-795F56A0E6B6} = {0B5859A2-D126-488E-9232-9D71FCCFC777}
		{656E74E2-9E0A-4404-B7A9-F124680D1050} = {1ADCEE54-1EBE-4A6F-B558-7ECE4F7AB61A}
		{063DCBAE-D75F-4E35-9DFE-DDDC6F1CF93B} = {8687DA2A-88DE-4130-941B-62B80FA6D4A2}
		{04932585-CE4A-4DFB-AC3B-C78D5CC08F0B} = {2C74A640-5088-487E-8B3D-0B8C818EDFCB}
		{0B737202-DF9D-41BA-B663-5D7BEDD20965} = {2C74A640-5088-487E-8B3D-0B8C818EDFCB}
		{41C91591-CAD9-47F4-B1F1-EC34C708D7D1} = {8687DA2A-88DE-4130-941B-62B80FA6D4A2}
		{459EFDBE-D207-44FE-A8A9-4AA6B31EFA11} = {2C74A640-5088-487E-8B3D-0B8C818EDFCB}
		{590FDBE0-20BD-47AD-A22E-DB123939036B} = {33D11438-75BD-4A69-B079-16CC216618EB}
		{96D263BA-D4BF-4889-82FE-84246F4228A4} = {5E418AB8-36BE-49B2-9084-D60339F2279B}
		{8A2B4831-8F5E-43F3-A39E-FEF6AE2BE603} = {33D11438-75BD-4A69-B079-16CC216618EB}
		{4BA9C1CB-5F59-4AB6-9236-7FD4DD778471} = {5E418AB8-36BE-49B2-9084-D60339F2279B}
		{6C31552E-8082-4D9A-BA93-A6BA41A47000} = {3B7FCEFA-5DFE-455A-B96E-78ADA70DABE6}
		{954BD69F-0EBF-4995-A427-ABACD1511D08} = {6C31552E-8082-4D9A-BA93-A6BA41A47000}
		{C6413973-B7C3-4B42-90C0-ED07334291EC} = {6C31552E-8082-4D9A-BA93-A6BA41A47000}
		{8CCA640D-0321-4BB1-92ED-034038735172} = {C6413973-B7C3-4B42-90C0-ED07334291EC}
		{FE310151-9823-42D8-B565-839E0BC4D093} = {6C31552E-8082-4D9A-BA93-A6BA41A47000}
		{6B090A78-9165-492A-87E9-E41113B18F8B} = {C6413973-B7C3-4B42-90C0-ED07334291EC}
		{6723F109-7975-4941-9FEE-AD331FAC5ADC} = {C6413973-B7C3-4B42-90C0-ED07334291EC}
		{F0F3417F-3CC5-457E-A490-6AD6AD6C904C} = {6C31552E-8082-4D9A-BA93-A6BA41A47000}
		{8E9E8643-96D5-4C57-94D3-85A5A177BB95} = {C6413973-B7C3-4B42-90C0-ED07334291EC}
		{C78A7899-0DF9-4F2C-BA68-B15A21A20D95} = {1ADCEE54-1EBE-4A6F-B558-7ECE4F7AB61A}
		{9ECD3B7F-7B18-4868-820F-5A177CAF7E7F} = {1ADCEE54-1EBE-4A6F-B558-7ECE4F7AB61A}
		{51A7C00A-A195-4761-AD4A-AC034CF8B39A} = {1ADCEE54-1EBE-4A6F-B558-7ECE4F7AB61A}
		{7B6D82D1-BB09-4DA8-BDDC-89DB6A3B244B} = {1ADCEE54-1EBE-4A6F-B558-7ECE4F7AB61A}
		{7D68FB33-1BBF-428A-BF9B-ABFFDDE25906} = {6C31552E-8082-4D9A-BA93-A6BA41A47000}
		{0331C1AF-1DE0-4FCF-8862-6122CC028493} = {C6413973-B7C3-4B42-90C0-ED07334291EC}
		{BE5D8A29-671B-48D1-9B2E-C28F0D546660} = {3B7FCEFA-5DFE-455A-B96E-78ADA70DABE6}
		{E7CB3D11-E324-40A7-9DF0-209E49F33EBF} = {1172BF25-0DDE-4B03-9075-9EB0B75A4537}
		{8687DA2A-88DE-4130-941B-62B80FA6D4A2} = {3B7FCEFA-5DFE-455A-B96E-78ADA70DABE6}
		{75C7BFF4-500A-4B3D-970A-67AAA5B4ECC2} = {3B7FCEFA-5DFE-455A-B96E-78ADA70DABE6}
		{28F7202A-D487-41AC-BC70-E2E821267FA3} = {75C7BFF4-500A-4B3D-970A-67AAA5B4ECC2}
		{2E864550-F91A-435E-8E46-7B1AE5039685} = {75C7BFF4-500A-4B3D-970A-67AAA5B4ECC2}
		{38B68CBF-662B-46DB-9BE1-703104270A64} = {28F7202A-D487-41AC-BC70-E2E821267FA3}
		{8FEB0EA7-8906-4227-B02B-AB663BA1C294} = {75C7BFF4-500A-4B3D-970A-67AAA5B4ECC2}
		{280A612B-2572-4C58-A99C-E67621E8B959} = {75C7BFF4-500A-4B3D-970A-67AAA5B4ECC2}
		{904BAF5A-95DE-49B8-A3A9-A687988E39AA} = {1172BF25-0DDE-4B03-9075-9EB0B75A4537}
		{A5FBF7B7-A294-4164-8C32-6C3FB59BE641} = {904BAF5A-95DE-49B8-A3A9-A687988E39AA}
		{6705657D-EDC5-4DD0-AC92-4618D8E23A6B} = {8687DA2A-88DE-4130-941B-62B80FA6D4A2}
		{DB1C9D5F-BD41-4BEE-8D12-543728ADB33E} = {1172BF25-0DDE-4B03-9075-9EB0B75A4537}
		{0281729B-3390-4BB4-9B96-E64A75F345B4} = {DB1C9D5F-BD41-4BEE-8D12-543728ADB33E}
		{A3615C32-727D-4593-9ED6-9FC3B7769C19} = {3B7FCEFA-5DFE-455A-B96E-78ADA70DABE6}
		{B1E4AD9B-4AAB-4F6E-8402-CD538037F23A} = {2C74A640-5088-487E-8B3D-0B8C818EDFCB}
		{6300C8FE-5CC6-4EFB-9799-E1760B58169E} = {33D11438-75BD-4A69-B079-16CC216618EB}
		{33D11438-75BD-4A69-B079-16CC216618EB} = {3B7FCEFA-5DFE-455A-B96E-78ADA70DABE6}
		{0B88E8FD-A617-4825-8EC4-63C27883D49E} = {6C31552E-8082-4D9A-BA93-A6BA41A47000}
		{6E553AE6-B2C9-41C1-AEE5-5B61B587FA37} = {75C7BFF4-500A-4B3D-970A-67AAA5B4ECC2}
		{5E418AB8-36BE-49B2-9084-D60339F2279B} = {1172BF25-0DDE-4B03-9075-9EB0B75A4537}
		{686DCA90-0550-45E7-9B65-BF4BBE9BBDB6} = {8687DA2A-88DE-4130-941B-62B80FA6D4A2}
	EndGlobalSection
	GlobalSection(ExtensibilityGlobals) = postSolution
		SolutionGuid = {0BD20814-DF83-4144-92D6-B07D57B7836F}
	EndGlobalSection
EndGlobal
