
Microsoft Visual Studio Solution File, Format Version 12.00
# Visual Studio Version 16
VisualStudioVersion = 16.0.29209.62
MinimumVisualStudioVersion = 10.0.40219.1
Project("{9A19103F-16F7-4668-BE54-9A1E7A4F7556}") = "Jeebs.WordPress", "Libraries\Jeebs.WordPress\Jeebs.WordPress.csproj", "{6CACF381-9F0A-41B1-9A14-715491CC6213}"
EndProject
Project("{9A19103F-16F7-4668-BE54-9A1E7A4F7556}") = "Jeebs.WordPress.Entities", "Libraries\Jeebs.WordPress.Entities\Jeebs.WordPress.Entities.csproj", "{DA24A71C-0218-4E6A-8151-1E97F76154F8}"
EndProject
Project("{2150E333-8FDC-42A3-9474-1A3956D46DE8}") = "Tests", "Tests", "{1172BF25-0DDE-4B03-9075-9EB0B75A4537}"
	ProjectSection(SolutionItems) = preProject
		Tests\Directory.Build.props = Tests\Directory.Build.props
	EndProjectSection
EndProject
Project("{9A19103F-16F7-4668-BE54-9A1E7A4F7556}") = "Jeebs.Data", "Libraries\Jeebs.Data\Jeebs.Data.csproj", "{57A42A82-B6A3-41FF-8C77-3A0BCFA9A497}"
EndProject
Project("{2150E333-8FDC-42A3-9474-1A3956D46DE8}") = ".Data", ".Data", "{2C74A640-5088-487E-8B3D-0B8C818EDFCB}"
EndProject
Project("{2150E333-8FDC-42A3-9474-1A3956D46DE8}") = ".WordPress", ".WordPress", "{0B3996E1-B1FF-4037-B3FB-15E0ABE01032}"
EndProject
Project("{2150E333-8FDC-42A3-9474-1A3956D46DE8}") = "Libraries", "Libraries", "{3B7FCEFA-5DFE-455A-B96E-78ADA70DABE6}"
	ProjectSection(SolutionItems) = preProject
		Libraries\Directory.Build.props = Libraries\Directory.Build.props
	EndProjectSection
EndProject
Project("{2150E333-8FDC-42A3-9474-1A3956D46DE8}") = "Apps", "Apps", "{A256449B-4234-43DD-B18F-741D69906712}"
	ProjectSection(SolutionItems) = preProject
		Apps\Directory.Build.props = Apps\Directory.Build.props
	EndProjectSection
EndProject
Project("{9A19103F-16F7-4668-BE54-9A1E7A4F7556}") = "Jeebs", "Libraries\Jeebs\Jeebs.csproj", "{356A4CC7-CEA0-46A1-81FB-41AC3F0C1614}"
EndProject
Project("{9A19103F-16F7-4668-BE54-9A1E7A4F7556}") = "Jeebs.Apps", "Libraries\Jeebs.Apps\Jeebs.Apps.csproj", "{227E9F54-D49F-4E6B-9744-31F3A4E3E8D4}"
EndProject
Project("{2150E333-8FDC-42A3-9474-1A3956D46DE8}") = ".Clients", ".Clients", "{9BE173C5-9B68-4F6D-BF76-283EA7C8C73A}"
EndProject
Project("{9A19103F-16F7-4668-BE54-9A1E7A4F7556}") = "Jeebs.Data.Clients.MySql", "Libraries\Jeebs.Data.Clients.MySql\Jeebs.Data.Clients.MySql.csproj", "{B22D88C5-A63B-425C-B12E-3471044EBB4F}"
EndProject
Project("{9A19103F-16F7-4668-BE54-9A1E7A4F7556}") = "Jeebs.Data.Clients.SqlServer", "Libraries\Jeebs.Data.Clients.SqlServer\Jeebs.Data.Clients.SqlServer.csproj", "{AE703837-1753-4408-A32D-97423655233F}"
EndProject
Project("{9A19103F-16F7-4668-BE54-9A1E7A4F7556}") = "AppConsole", "Apps\AppConsole\AppConsole.csproj", "{DD762A71-FC5F-4058-BE29-50AFC11E7862}"
EndProject
Project("{9A19103F-16F7-4668-BE54-9A1E7A4F7556}") = "AppMvc", "Apps\AppMvc\AppMvc.csproj", "{06D16977-CAA6-4F08-A9E6-D4BD1B3080A6}"
EndProject
Project("{9A19103F-16F7-4668-BE54-9A1E7A4F7556}") = "AppService", "Apps\AppService\AppService.csproj", "{ABC51F0B-438B-4BF9-AFDD-C85BA4F4EDFA}"
EndProject
Project("{2150E333-8FDC-42A3-9474-1A3956D46DE8}") = ".Apps", ".Apps", "{F005B321-074A-4182-869A-5E7E1CE8F9DA}"
EndProject
Project("{9A19103F-16F7-4668-BE54-9A1E7A4F7556}") = "Jeebs.Apps.ConsoleApps", "Libraries\Jeebs.Apps.ConsoleApps\Jeebs.Apps.ConsoleApps.csproj", "{FC3FA7F8-B572-41D3-9381-E4F70D059536}"
EndProject
Project("{9A19103F-16F7-4668-BE54-9A1E7A4F7556}") = "Jeebs.Apps.WebApps", "Libraries\Jeebs.Apps.WebApps\Jeebs.Apps.WebApps.csproj", "{95B72871-8799-43BB-AF07-C2C719BB0118}"
EndProject
Project("{9A19103F-16F7-4668-BE54-9A1E7A4F7556}") = "AppWeb", "Apps\AppWeb\AppWeb.csproj", "{1E88CE0B-D46D-4886-9D80-9CC22FE49CB0}"
EndProject
Project("{9A19103F-16F7-4668-BE54-9A1E7A4F7556}") = "AppRazor", "Apps\AppRazor\AppRazor.csproj", "{324EDD9C-5236-41A5-9253-A4336248FE5C}"
EndProject
Project("{9A19103F-16F7-4668-BE54-9A1E7A4F7556}") = "AppConsoleWordPress", "Apps\AppConsoleWordPress\AppConsoleWordPress.csproj", "{52CF9096-6186-48F0-8481-BFC6E4E0CFA4}"
EndProject
Project("{9A19103F-16F7-4668-BE54-9A1E7A4F7556}") = "Jeebs.Data.Apps", "Libraries\Jeebs.Data.Apps\Jeebs.Data.Apps.csproj", "{947F6189-FD20-4230-8B27-71D0953B1438}"
EndProject
Project("{2150E333-8FDC-42A3-9474-1A3956D46DE8}") = ".Logging", ".Logging", "{BD8813AD-C9E3-4B05-A9E0-F044D53AE06F}"
EndProject
Project("{9A19103F-16F7-4668-BE54-9A1E7A4F7556}") = "Jeebs.Logging.Serilog", "Libraries\Jeebs.Logging.Serilog\Jeebs.Logging.Serilog.csproj", "{7B521F2C-855B-4296-B02B-880F90E9A0E0}"
EndProject
Project("{9A19103F-16F7-4668-BE54-9A1E7A4F7556}") = "Jeebs.Config", "Libraries\Jeebs.Config\Jeebs.Config.csproj", "{829B619E-2CF5-4706-8B60-1F65B356E96F}"
EndProject
Project("{9A19103F-16F7-4668-BE54-9A1E7A4F7556}") = "Tests.Jeebs", "Tests\Tests.Jeebs\Tests.Jeebs.csproj", "{B9A66FB3-C415-4E29-A419-E5D50A7A29E4}"
EndProject
Project("{9A19103F-16F7-4668-BE54-9A1E7A4F7556}") = "Tests.Jeebs.Config", "Tests\Tests.Jeebs.Config\Tests.Jeebs.Config.csproj", "{FCB49E83-1E38-43D7-8FBD-F0775A171E3A}"
EndProject
Project("{9A19103F-16F7-4668-BE54-9A1E7A4F7556}") = "Jeebs.Cryptography", "Libraries\Jeebs.Cryptography\Jeebs.Cryptography.csproj", "{DAD8177A-B883-4D5C-AB79-5AB13796C86C}"
EndProject
Project("{9A19103F-16F7-4668-BE54-9A1E7A4F7556}") = "Tests.Jeebs.Cryptography", "Tests\Tests.Jeebs.Cryptography\Tests.Jeebs.Cryptography.csproj", "{95BAA070-C5CB-4056-A799-241D1DA4F45F}"
EndProject
Project("{2150E333-8FDC-42A3-9474-1A3956D46DE8}") = ".Data", ".Data", "{1ADCEE54-1EBE-4A6F-B558-7ECE4F7AB61A}"
EndProject
Project("{2150E333-8FDC-42A3-9474-1A3956D46DE8}") = ".Clients", ".Clients", "{D899A9DC-CBCF-44E8-BECE-73EB8911C6C2}"
EndProject
Project("{9A19103F-16F7-4668-BE54-9A1E7A4F7556}") = "Tests.Jeebs.Data.Clients.MySql", "Tests\Tests.Jeebs.Data.Clients.MySql\Tests.Jeebs.Data.Clients.MySql.csproj", "{F7794637-FAF0-4EF0-B42C-98CD8FD5B459}"
EndProject
Project("{9A19103F-16F7-4668-BE54-9A1E7A4F7556}") = "Tests.Jeebs.Data.Clients.SqlServer", "Tests\Tests.Jeebs.Data.Clients.SqlServer\Tests.Jeebs.Data.Clients.SqlServer.csproj", "{088834AB-1B3B-4967-BC07-15FEFA8EA8D0}"
EndProject
Project("{2150E333-8FDC-42A3-9474-1A3956D46DE8}") = ".WordPress", ".WordPress", "{0B5859A2-D126-488E-9232-9D71FCCFC777}"
EndProject
Project("{9A19103F-16F7-4668-BE54-9A1E7A4F7556}") = "Tests.Jeebs.WordPress", "Tests\Tests.Jeebs.WordPress\Tests.Jeebs.WordPress.csproj", "{285DAEFE-B0B8-4CFA-9517-795F56A0E6B6}"
EndProject
Project("{9A19103F-16F7-4668-BE54-9A1E7A4F7556}") = "Tests.Jeebs.Data", "Tests\Tests.Jeebs.Data\Tests.Jeebs.Data.csproj", "{656E74E2-9E0A-4404-B7A9-F124680D1050}"
EndProject
Project("{9A19103F-16F7-4668-BE54-9A1E7A4F7556}") = "Jeebs.Mvc", "Libraries\Jeebs.Mvc\Jeebs.Mvc.csproj", "{063DCBAE-D75F-4E35-9DFE-DDDC6F1CF93B}"
EndProject
Project("{9A19103F-16F7-4668-BE54-9A1E7A4F7556}") = "Jeebs.Data.Querying", "Libraries\Jeebs.Data.Querying\Jeebs.Data.Querying.csproj", "{04932585-CE4A-4DFB-AC3B-C78D5CC08F0B}"
EndProject
Project("{9A19103F-16F7-4668-BE54-9A1E7A4F7556}") = "Jeebs.Data.Mapping", "Libraries\Jeebs.Data.Mapping\Jeebs.Data.Mapping.csproj", "{0B737202-DF9D-41BA-B663-5D7BEDD20965}"
EndProject
Project("{9A19103F-16F7-4668-BE54-9A1E7A4F7556}") = "Jeebs.Mvc.Data", "Libraries\Jeebs.Mvc.Data\Jeebs.Mvc.Data.csproj", "{41C91591-CAD9-47F4-B1F1-EC34C708D7D1}"
EndProject
Project("{9A19103F-16F7-4668-BE54-9A1E7A4F7556}") = "Jeebs.Data.All", "Libraries\Jeebs.Data.All\Jeebs.Data.All.csproj", "{459EFDBE-D207-44FE-A8A9-4AA6B31EFA11}"
EndProject
Project("{2150E333-8FDC-42A3-9474-1A3956D46DE8}") = "LibrariesF", "LibrariesF", "{CD7BEFF5-6193-451E-9760-F180A46B6CE1}"
	ProjectSection(SolutionItems) = preProject
		LibrariesF\Directory.Build.props = LibrariesF\Directory.Build.props
	EndProjectSection
EndProject
Project("{F2A71F9B-5D33-465A-A702-920D77279786}") = "JeebsF", "LibrariesF\JeebsF\JeebsF.fsproj", "{56167F95-69D3-477C-BF2F-6C2489E9CB30}"
EndProject
Project("{9A19103F-16F7-4668-BE54-9A1E7A4F7556}") = "Jeebs.Result", "Libraries\Jeebs.Result\Jeebs.Result.csproj", "{815447DC-3AAC-4E36-9455-50BE6ADC31BC}"
EndProject
Project("{9A19103F-16F7-4668-BE54-9A1E7A4F7556}") = "Tests.Jeebs.Result", "Tests\Tests.Jeebs.Result\Tests.Jeebs.Result.csproj", "{AD49A21F-C3B1-49FD-B4B5-339C547E60F4}"
EndProject
Project("{2150E333-8FDC-42A3-9474-1A3956D46DE8}") = "Solution Items", "Solution Items", "{337B1DDD-1850-4F1A-8539-1854DD014FC0}"
	ProjectSection(SolutionItems) = preProject
		.editorconfig = .editorconfig
	EndProjectSection
EndProject
Project("{FAE04EC0-301F-11D3-BF4B-00C04F79EFBC}") = "Jeebs.Result2", "Libraries\Jeebs.Result2\Jeebs.Result2.csproj", "{590FDBE0-20BD-47AD-A22E-DB123939036B}"
EndProject
Global
	GlobalSection(SolutionConfigurationPlatforms) = preSolution
		Debug|Any CPU = Debug|Any CPU
		Release|Any CPU = Release|Any CPU
	EndGlobalSection
	GlobalSection(ProjectConfigurationPlatforms) = postSolution
		{6CACF381-9F0A-41B1-9A14-715491CC6213}.Debug|Any CPU.ActiveCfg = Debug|Any CPU
		{6CACF381-9F0A-41B1-9A14-715491CC6213}.Debug|Any CPU.Build.0 = Debug|Any CPU
		{6CACF381-9F0A-41B1-9A14-715491CC6213}.Release|Any CPU.ActiveCfg = Release|Any CPU
		{6CACF381-9F0A-41B1-9A14-715491CC6213}.Release|Any CPU.Build.0 = Release|Any CPU
		{DA24A71C-0218-4E6A-8151-1E97F76154F8}.Debug|Any CPU.ActiveCfg = Debug|Any CPU
		{DA24A71C-0218-4E6A-8151-1E97F76154F8}.Debug|Any CPU.Build.0 = Debug|Any CPU
		{DA24A71C-0218-4E6A-8151-1E97F76154F8}.Release|Any CPU.ActiveCfg = Release|Any CPU
		{DA24A71C-0218-4E6A-8151-1E97F76154F8}.Release|Any CPU.Build.0 = Release|Any CPU
		{57A42A82-B6A3-41FF-8C77-3A0BCFA9A497}.Debug|Any CPU.ActiveCfg = Debug|Any CPU
		{57A42A82-B6A3-41FF-8C77-3A0BCFA9A497}.Debug|Any CPU.Build.0 = Debug|Any CPU
		{57A42A82-B6A3-41FF-8C77-3A0BCFA9A497}.Release|Any CPU.ActiveCfg = Release|Any CPU
		{57A42A82-B6A3-41FF-8C77-3A0BCFA9A497}.Release|Any CPU.Build.0 = Release|Any CPU
		{356A4CC7-CEA0-46A1-81FB-41AC3F0C1614}.Debug|Any CPU.ActiveCfg = Debug|Any CPU
		{356A4CC7-CEA0-46A1-81FB-41AC3F0C1614}.Debug|Any CPU.Build.0 = Debug|Any CPU
		{356A4CC7-CEA0-46A1-81FB-41AC3F0C1614}.Release|Any CPU.ActiveCfg = Release|Any CPU
		{356A4CC7-CEA0-46A1-81FB-41AC3F0C1614}.Release|Any CPU.Build.0 = Release|Any CPU
		{227E9F54-D49F-4E6B-9744-31F3A4E3E8D4}.Debug|Any CPU.ActiveCfg = Debug|Any CPU
		{227E9F54-D49F-4E6B-9744-31F3A4E3E8D4}.Debug|Any CPU.Build.0 = Debug|Any CPU
		{227E9F54-D49F-4E6B-9744-31F3A4E3E8D4}.Release|Any CPU.ActiveCfg = Release|Any CPU
		{227E9F54-D49F-4E6B-9744-31F3A4E3E8D4}.Release|Any CPU.Build.0 = Release|Any CPU
		{B22D88C5-A63B-425C-B12E-3471044EBB4F}.Debug|Any CPU.ActiveCfg = Debug|Any CPU
		{B22D88C5-A63B-425C-B12E-3471044EBB4F}.Debug|Any CPU.Build.0 = Debug|Any CPU
		{B22D88C5-A63B-425C-B12E-3471044EBB4F}.Release|Any CPU.ActiveCfg = Release|Any CPU
		{B22D88C5-A63B-425C-B12E-3471044EBB4F}.Release|Any CPU.Build.0 = Release|Any CPU
		{AE703837-1753-4408-A32D-97423655233F}.Debug|Any CPU.ActiveCfg = Debug|Any CPU
		{AE703837-1753-4408-A32D-97423655233F}.Debug|Any CPU.Build.0 = Debug|Any CPU
		{AE703837-1753-4408-A32D-97423655233F}.Release|Any CPU.ActiveCfg = Release|Any CPU
		{AE703837-1753-4408-A32D-97423655233F}.Release|Any CPU.Build.0 = Release|Any CPU
		{DD762A71-FC5F-4058-BE29-50AFC11E7862}.Debug|Any CPU.ActiveCfg = Debug|Any CPU
		{DD762A71-FC5F-4058-BE29-50AFC11E7862}.Debug|Any CPU.Build.0 = Debug|Any CPU
		{DD762A71-FC5F-4058-BE29-50AFC11E7862}.Release|Any CPU.ActiveCfg = Release|Any CPU
		{DD762A71-FC5F-4058-BE29-50AFC11E7862}.Release|Any CPU.Build.0 = Release|Any CPU
		{06D16977-CAA6-4F08-A9E6-D4BD1B3080A6}.Debug|Any CPU.ActiveCfg = Debug|Any CPU
		{06D16977-CAA6-4F08-A9E6-D4BD1B3080A6}.Debug|Any CPU.Build.0 = Debug|Any CPU
		{06D16977-CAA6-4F08-A9E6-D4BD1B3080A6}.Release|Any CPU.ActiveCfg = Release|Any CPU
		{06D16977-CAA6-4F08-A9E6-D4BD1B3080A6}.Release|Any CPU.Build.0 = Release|Any CPU
		{ABC51F0B-438B-4BF9-AFDD-C85BA4F4EDFA}.Debug|Any CPU.ActiveCfg = Debug|Any CPU
		{ABC51F0B-438B-4BF9-AFDD-C85BA4F4EDFA}.Debug|Any CPU.Build.0 = Debug|Any CPU
		{ABC51F0B-438B-4BF9-AFDD-C85BA4F4EDFA}.Release|Any CPU.ActiveCfg = Release|Any CPU
		{ABC51F0B-438B-4BF9-AFDD-C85BA4F4EDFA}.Release|Any CPU.Build.0 = Release|Any CPU
		{FC3FA7F8-B572-41D3-9381-E4F70D059536}.Debug|Any CPU.ActiveCfg = Debug|Any CPU
		{FC3FA7F8-B572-41D3-9381-E4F70D059536}.Debug|Any CPU.Build.0 = Debug|Any CPU
		{FC3FA7F8-B572-41D3-9381-E4F70D059536}.Release|Any CPU.ActiveCfg = Release|Any CPU
		{FC3FA7F8-B572-41D3-9381-E4F70D059536}.Release|Any CPU.Build.0 = Release|Any CPU
		{95B72871-8799-43BB-AF07-C2C719BB0118}.Debug|Any CPU.ActiveCfg = Debug|Any CPU
		{95B72871-8799-43BB-AF07-C2C719BB0118}.Debug|Any CPU.Build.0 = Debug|Any CPU
		{95B72871-8799-43BB-AF07-C2C719BB0118}.Release|Any CPU.ActiveCfg = Release|Any CPU
		{95B72871-8799-43BB-AF07-C2C719BB0118}.Release|Any CPU.Build.0 = Release|Any CPU
		{1E88CE0B-D46D-4886-9D80-9CC22FE49CB0}.Debug|Any CPU.ActiveCfg = Debug|Any CPU
		{1E88CE0B-D46D-4886-9D80-9CC22FE49CB0}.Debug|Any CPU.Build.0 = Debug|Any CPU
		{1E88CE0B-D46D-4886-9D80-9CC22FE49CB0}.Release|Any CPU.ActiveCfg = Release|Any CPU
		{1E88CE0B-D46D-4886-9D80-9CC22FE49CB0}.Release|Any CPU.Build.0 = Release|Any CPU
		{324EDD9C-5236-41A5-9253-A4336248FE5C}.Debug|Any CPU.ActiveCfg = Debug|Any CPU
		{324EDD9C-5236-41A5-9253-A4336248FE5C}.Debug|Any CPU.Build.0 = Debug|Any CPU
		{324EDD9C-5236-41A5-9253-A4336248FE5C}.Release|Any CPU.ActiveCfg = Release|Any CPU
		{324EDD9C-5236-41A5-9253-A4336248FE5C}.Release|Any CPU.Build.0 = Release|Any CPU
		{52CF9096-6186-48F0-8481-BFC6E4E0CFA4}.Debug|Any CPU.ActiveCfg = Debug|Any CPU
		{52CF9096-6186-48F0-8481-BFC6E4E0CFA4}.Debug|Any CPU.Build.0 = Debug|Any CPU
		{52CF9096-6186-48F0-8481-BFC6E4E0CFA4}.Release|Any CPU.ActiveCfg = Release|Any CPU
		{52CF9096-6186-48F0-8481-BFC6E4E0CFA4}.Release|Any CPU.Build.0 = Release|Any CPU
		{947F6189-FD20-4230-8B27-71D0953B1438}.Debug|Any CPU.ActiveCfg = Debug|Any CPU
		{947F6189-FD20-4230-8B27-71D0953B1438}.Debug|Any CPU.Build.0 = Debug|Any CPU
		{947F6189-FD20-4230-8B27-71D0953B1438}.Release|Any CPU.ActiveCfg = Release|Any CPU
		{947F6189-FD20-4230-8B27-71D0953B1438}.Release|Any CPU.Build.0 = Release|Any CPU
		{7B521F2C-855B-4296-B02B-880F90E9A0E0}.Debug|Any CPU.ActiveCfg = Debug|Any CPU
		{7B521F2C-855B-4296-B02B-880F90E9A0E0}.Debug|Any CPU.Build.0 = Debug|Any CPU
		{7B521F2C-855B-4296-B02B-880F90E9A0E0}.Release|Any CPU.ActiveCfg = Release|Any CPU
		{7B521F2C-855B-4296-B02B-880F90E9A0E0}.Release|Any CPU.Build.0 = Release|Any CPU
		{829B619E-2CF5-4706-8B60-1F65B356E96F}.Debug|Any CPU.ActiveCfg = Debug|Any CPU
		{829B619E-2CF5-4706-8B60-1F65B356E96F}.Debug|Any CPU.Build.0 = Debug|Any CPU
		{829B619E-2CF5-4706-8B60-1F65B356E96F}.Release|Any CPU.ActiveCfg = Release|Any CPU
		{829B619E-2CF5-4706-8B60-1F65B356E96F}.Release|Any CPU.Build.0 = Release|Any CPU
		{B9A66FB3-C415-4E29-A419-E5D50A7A29E4}.Debug|Any CPU.ActiveCfg = Debug|Any CPU
		{B9A66FB3-C415-4E29-A419-E5D50A7A29E4}.Debug|Any CPU.Build.0 = Debug|Any CPU
		{B9A66FB3-C415-4E29-A419-E5D50A7A29E4}.Release|Any CPU.ActiveCfg = Release|Any CPU
		{B9A66FB3-C415-4E29-A419-E5D50A7A29E4}.Release|Any CPU.Build.0 = Release|Any CPU
		{FCB49E83-1E38-43D7-8FBD-F0775A171E3A}.Debug|Any CPU.ActiveCfg = Debug|Any CPU
		{FCB49E83-1E38-43D7-8FBD-F0775A171E3A}.Debug|Any CPU.Build.0 = Debug|Any CPU
		{FCB49E83-1E38-43D7-8FBD-F0775A171E3A}.Release|Any CPU.ActiveCfg = Release|Any CPU
		{FCB49E83-1E38-43D7-8FBD-F0775A171E3A}.Release|Any CPU.Build.0 = Release|Any CPU
		{DAD8177A-B883-4D5C-AB79-5AB13796C86C}.Debug|Any CPU.ActiveCfg = Debug|Any CPU
		{DAD8177A-B883-4D5C-AB79-5AB13796C86C}.Debug|Any CPU.Build.0 = Debug|Any CPU
		{DAD8177A-B883-4D5C-AB79-5AB13796C86C}.Release|Any CPU.ActiveCfg = Release|Any CPU
		{DAD8177A-B883-4D5C-AB79-5AB13796C86C}.Release|Any CPU.Build.0 = Release|Any CPU
		{95BAA070-C5CB-4056-A799-241D1DA4F45F}.Debug|Any CPU.ActiveCfg = Debug|Any CPU
		{95BAA070-C5CB-4056-A799-241D1DA4F45F}.Debug|Any CPU.Build.0 = Debug|Any CPU
		{95BAA070-C5CB-4056-A799-241D1DA4F45F}.Release|Any CPU.ActiveCfg = Release|Any CPU
		{95BAA070-C5CB-4056-A799-241D1DA4F45F}.Release|Any CPU.Build.0 = Release|Any CPU
		{F7794637-FAF0-4EF0-B42C-98CD8FD5B459}.Debug|Any CPU.ActiveCfg = Debug|Any CPU
		{F7794637-FAF0-4EF0-B42C-98CD8FD5B459}.Debug|Any CPU.Build.0 = Debug|Any CPU
		{F7794637-FAF0-4EF0-B42C-98CD8FD5B459}.Release|Any CPU.ActiveCfg = Release|Any CPU
		{F7794637-FAF0-4EF0-B42C-98CD8FD5B459}.Release|Any CPU.Build.0 = Release|Any CPU
		{088834AB-1B3B-4967-BC07-15FEFA8EA8D0}.Debug|Any CPU.ActiveCfg = Debug|Any CPU
		{088834AB-1B3B-4967-BC07-15FEFA8EA8D0}.Debug|Any CPU.Build.0 = Debug|Any CPU
		{088834AB-1B3B-4967-BC07-15FEFA8EA8D0}.Release|Any CPU.ActiveCfg = Release|Any CPU
		{088834AB-1B3B-4967-BC07-15FEFA8EA8D0}.Release|Any CPU.Build.0 = Release|Any CPU
		{285DAEFE-B0B8-4CFA-9517-795F56A0E6B6}.Debug|Any CPU.ActiveCfg = Debug|Any CPU
		{285DAEFE-B0B8-4CFA-9517-795F56A0E6B6}.Debug|Any CPU.Build.0 = Debug|Any CPU
		{285DAEFE-B0B8-4CFA-9517-795F56A0E6B6}.Release|Any CPU.ActiveCfg = Release|Any CPU
		{285DAEFE-B0B8-4CFA-9517-795F56A0E6B6}.Release|Any CPU.Build.0 = Release|Any CPU
		{656E74E2-9E0A-4404-B7A9-F124680D1050}.Debug|Any CPU.ActiveCfg = Debug|Any CPU
		{656E74E2-9E0A-4404-B7A9-F124680D1050}.Debug|Any CPU.Build.0 = Debug|Any CPU
		{656E74E2-9E0A-4404-B7A9-F124680D1050}.Release|Any CPU.ActiveCfg = Release|Any CPU
		{656E74E2-9E0A-4404-B7A9-F124680D1050}.Release|Any CPU.Build.0 = Release|Any CPU
		{063DCBAE-D75F-4E35-9DFE-DDDC6F1CF93B}.Debug|Any CPU.ActiveCfg = Debug|Any CPU
		{063DCBAE-D75F-4E35-9DFE-DDDC6F1CF93B}.Debug|Any CPU.Build.0 = Debug|Any CPU
		{063DCBAE-D75F-4E35-9DFE-DDDC6F1CF93B}.Release|Any CPU.ActiveCfg = Release|Any CPU
		{063DCBAE-D75F-4E35-9DFE-DDDC6F1CF93B}.Release|Any CPU.Build.0 = Release|Any CPU
		{04932585-CE4A-4DFB-AC3B-C78D5CC08F0B}.Debug|Any CPU.ActiveCfg = Debug|Any CPU
		{04932585-CE4A-4DFB-AC3B-C78D5CC08F0B}.Debug|Any CPU.Build.0 = Debug|Any CPU
		{04932585-CE4A-4DFB-AC3B-C78D5CC08F0B}.Release|Any CPU.ActiveCfg = Release|Any CPU
		{04932585-CE4A-4DFB-AC3B-C78D5CC08F0B}.Release|Any CPU.Build.0 = Release|Any CPU
		{0B737202-DF9D-41BA-B663-5D7BEDD20965}.Debug|Any CPU.ActiveCfg = Debug|Any CPU
		{0B737202-DF9D-41BA-B663-5D7BEDD20965}.Debug|Any CPU.Build.0 = Debug|Any CPU
		{0B737202-DF9D-41BA-B663-5D7BEDD20965}.Release|Any CPU.ActiveCfg = Release|Any CPU
		{0B737202-DF9D-41BA-B663-5D7BEDD20965}.Release|Any CPU.Build.0 = Release|Any CPU
		{41C91591-CAD9-47F4-B1F1-EC34C708D7D1}.Debug|Any CPU.ActiveCfg = Debug|Any CPU
		{41C91591-CAD9-47F4-B1F1-EC34C708D7D1}.Debug|Any CPU.Build.0 = Debug|Any CPU
		{41C91591-CAD9-47F4-B1F1-EC34C708D7D1}.Release|Any CPU.ActiveCfg = Release|Any CPU
		{41C91591-CAD9-47F4-B1F1-EC34C708D7D1}.Release|Any CPU.Build.0 = Release|Any CPU
		{459EFDBE-D207-44FE-A8A9-4AA6B31EFA11}.Debug|Any CPU.ActiveCfg = Debug|Any CPU
		{459EFDBE-D207-44FE-A8A9-4AA6B31EFA11}.Debug|Any CPU.Build.0 = Debug|Any CPU
		{459EFDBE-D207-44FE-A8A9-4AA6B31EFA11}.Release|Any CPU.ActiveCfg = Release|Any CPU
		{459EFDBE-D207-44FE-A8A9-4AA6B31EFA11}.Release|Any CPU.Build.0 = Release|Any CPU
		{56167F95-69D3-477C-BF2F-6C2489E9CB30}.Debug|Any CPU.ActiveCfg = Debug|Any CPU
		{56167F95-69D3-477C-BF2F-6C2489E9CB30}.Debug|Any CPU.Build.0 = Debug|Any CPU
		{56167F95-69D3-477C-BF2F-6C2489E9CB30}.Release|Any CPU.ActiveCfg = Release|Any CPU
		{56167F95-69D3-477C-BF2F-6C2489E9CB30}.Release|Any CPU.Build.0 = Release|Any CPU
		{815447DC-3AAC-4E36-9455-50BE6ADC31BC}.Debug|Any CPU.ActiveCfg = Debug|Any CPU
		{815447DC-3AAC-4E36-9455-50BE6ADC31BC}.Debug|Any CPU.Build.0 = Debug|Any CPU
		{815447DC-3AAC-4E36-9455-50BE6ADC31BC}.Release|Any CPU.ActiveCfg = Release|Any CPU
		{815447DC-3AAC-4E36-9455-50BE6ADC31BC}.Release|Any CPU.Build.0 = Release|Any CPU
		{AD49A21F-C3B1-49FD-B4B5-339C547E60F4}.Debug|Any CPU.ActiveCfg = Debug|Any CPU
		{AD49A21F-C3B1-49FD-B4B5-339C547E60F4}.Debug|Any CPU.Build.0 = Debug|Any CPU
		{AD49A21F-C3B1-49FD-B4B5-339C547E60F4}.Release|Any CPU.ActiveCfg = Release|Any CPU
		{AD49A21F-C3B1-49FD-B4B5-339C547E60F4}.Release|Any CPU.Build.0 = Release|Any CPU
		{590FDBE0-20BD-47AD-A22E-DB123939036B}.Debug|Any CPU.ActiveCfg = Debug|Any CPU
		{590FDBE0-20BD-47AD-A22E-DB123939036B}.Debug|Any CPU.Build.0 = Debug|Any CPU
		{590FDBE0-20BD-47AD-A22E-DB123939036B}.Release|Any CPU.ActiveCfg = Release|Any CPU
		{590FDBE0-20BD-47AD-A22E-DB123939036B}.Release|Any CPU.Build.0 = Release|Any CPU
	EndGlobalSection
	GlobalSection(SolutionProperties) = preSolution
		HideSolutionNode = FALSE
	EndGlobalSection
	GlobalSection(NestedProjects) = preSolution
		{6CACF381-9F0A-41B1-9A14-715491CC6213} = {0B3996E1-B1FF-4037-B3FB-15E0ABE01032}
		{DA24A71C-0218-4E6A-8151-1E97F76154F8} = {0B3996E1-B1FF-4037-B3FB-15E0ABE01032}
		{57A42A82-B6A3-41FF-8C77-3A0BCFA9A497} = {2C74A640-5088-487E-8B3D-0B8C818EDFCB}
		{2C74A640-5088-487E-8B3D-0B8C818EDFCB} = {3B7FCEFA-5DFE-455A-B96E-78ADA70DABE6}
		{0B3996E1-B1FF-4037-B3FB-15E0ABE01032} = {3B7FCEFA-5DFE-455A-B96E-78ADA70DABE6}
		{356A4CC7-CEA0-46A1-81FB-41AC3F0C1614} = {3B7FCEFA-5DFE-455A-B96E-78ADA70DABE6}
		{227E9F54-D49F-4E6B-9744-31F3A4E3E8D4} = {F005B321-074A-4182-869A-5E7E1CE8F9DA}
		{9BE173C5-9B68-4F6D-BF76-283EA7C8C73A} = {2C74A640-5088-487E-8B3D-0B8C818EDFCB}
		{B22D88C5-A63B-425C-B12E-3471044EBB4F} = {9BE173C5-9B68-4F6D-BF76-283EA7C8C73A}
		{AE703837-1753-4408-A32D-97423655233F} = {9BE173C5-9B68-4F6D-BF76-283EA7C8C73A}
		{DD762A71-FC5F-4058-BE29-50AFC11E7862} = {A256449B-4234-43DD-B18F-741D69906712}
		{06D16977-CAA6-4F08-A9E6-D4BD1B3080A6} = {A256449B-4234-43DD-B18F-741D69906712}
		{ABC51F0B-438B-4BF9-AFDD-C85BA4F4EDFA} = {A256449B-4234-43DD-B18F-741D69906712}
		{F005B321-074A-4182-869A-5E7E1CE8F9DA} = {3B7FCEFA-5DFE-455A-B96E-78ADA70DABE6}
		{FC3FA7F8-B572-41D3-9381-E4F70D059536} = {F005B321-074A-4182-869A-5E7E1CE8F9DA}
		{95B72871-8799-43BB-AF07-C2C719BB0118} = {F005B321-074A-4182-869A-5E7E1CE8F9DA}
		{1E88CE0B-D46D-4886-9D80-9CC22FE49CB0} = {A256449B-4234-43DD-B18F-741D69906712}
		{324EDD9C-5236-41A5-9253-A4336248FE5C} = {A256449B-4234-43DD-B18F-741D69906712}
		{52CF9096-6186-48F0-8481-BFC6E4E0CFA4} = {A256449B-4234-43DD-B18F-741D69906712}
		{947F6189-FD20-4230-8B27-71D0953B1438} = {2C74A640-5088-487E-8B3D-0B8C818EDFCB}
		{BD8813AD-C9E3-4B05-A9E0-F044D53AE06F} = {3B7FCEFA-5DFE-455A-B96E-78ADA70DABE6}
		{7B521F2C-855B-4296-B02B-880F90E9A0E0} = {BD8813AD-C9E3-4B05-A9E0-F044D53AE06F}
		{829B619E-2CF5-4706-8B60-1F65B356E96F} = {3B7FCEFA-5DFE-455A-B96E-78ADA70DABE6}
		{B9A66FB3-C415-4E29-A419-E5D50A7A29E4} = {1172BF25-0DDE-4B03-9075-9EB0B75A4537}
		{FCB49E83-1E38-43D7-8FBD-F0775A171E3A} = {1172BF25-0DDE-4B03-9075-9EB0B75A4537}
		{DAD8177A-B883-4D5C-AB79-5AB13796C86C} = {3B7FCEFA-5DFE-455A-B96E-78ADA70DABE6}
		{95BAA070-C5CB-4056-A799-241D1DA4F45F} = {1172BF25-0DDE-4B03-9075-9EB0B75A4537}
		{1ADCEE54-1EBE-4A6F-B558-7ECE4F7AB61A} = {1172BF25-0DDE-4B03-9075-9EB0B75A4537}
		{D899A9DC-CBCF-44E8-BECE-73EB8911C6C2} = {1ADCEE54-1EBE-4A6F-B558-7ECE4F7AB61A}
		{F7794637-FAF0-4EF0-B42C-98CD8FD5B459} = {D899A9DC-CBCF-44E8-BECE-73EB8911C6C2}
		{088834AB-1B3B-4967-BC07-15FEFA8EA8D0} = {D899A9DC-CBCF-44E8-BECE-73EB8911C6C2}
		{0B5859A2-D126-488E-9232-9D71FCCFC777} = {1172BF25-0DDE-4B03-9075-9EB0B75A4537}
		{285DAEFE-B0B8-4CFA-9517-795F56A0E6B6} = {0B5859A2-D126-488E-9232-9D71FCCFC777}
		{656E74E2-9E0A-4404-B7A9-F124680D1050} = {1ADCEE54-1EBE-4A6F-B558-7ECE4F7AB61A}
		{063DCBAE-D75F-4E35-9DFE-DDDC6F1CF93B} = {3B7FCEFA-5DFE-455A-B96E-78ADA70DABE6}
		{04932585-CE4A-4DFB-AC3B-C78D5CC08F0B} = {2C74A640-5088-487E-8B3D-0B8C818EDFCB}
		{0B737202-DF9D-41BA-B663-5D7BEDD20965} = {2C74A640-5088-487E-8B3D-0B8C818EDFCB}
		{41C91591-CAD9-47F4-B1F1-EC34C708D7D1} = {3B7FCEFA-5DFE-455A-B96E-78ADA70DABE6}
		{459EFDBE-D207-44FE-A8A9-4AA6B31EFA11} = {2C74A640-5088-487E-8B3D-0B8C818EDFCB}
		{56167F95-69D3-477C-BF2F-6C2489E9CB30} = {CD7BEFF5-6193-451E-9760-F180A46B6CE1}
		{815447DC-3AAC-4E36-9455-50BE6ADC31BC} = {3B7FCEFA-5DFE-455A-B96E-78ADA70DABE6}
		{AD49A21F-C3B1-49FD-B4B5-339C547E60F4} = {1172BF25-0DDE-4B03-9075-9EB0B75A4537}
		{590FDBE0-20BD-47AD-A22E-DB123939036B} = {3B7FCEFA-5DFE-455A-B96E-78ADA70DABE6}
	EndGlobalSection
	GlobalSection(ExtensibilityGlobals) = postSolution
		SolutionGuid = {0BD20814-DF83-4144-92D6-B07D57B7836F}
	EndGlobalSection
EndGlobal
