
Microsoft Visual Studio Solution File, Format Version 12.00
# Visual Studio Version 16
VisualStudioVersion = 16.0.29209.62
MinimumVisualStudioVersion = 10.0.40219.1
Project("{9A19103F-16F7-4668-BE54-9A1E7A4F7556}") = "Jeebs.WordPress.Data", "Jeebs.WordPress.Data\Jeebs.WordPress.Data.csproj", "{6CACF381-9F0A-41B1-9A14-715491CC6213}"
EndProject
Project("{FAE04EC0-301F-11D3-BF4B-00C04F79EFBC}") = "Jeebs.WordPress.Entities", "Jeebs.WordPress.Entities\Jeebs.WordPress.Entities.csproj", "{DA24A71C-0218-4E6A-8151-1E97F76154F8}"
EndProject
Project("{2150E333-8FDC-42A3-9474-1A3956D46DE8}") = "Tests", "Tests", "{1172BF25-0DDE-4B03-9075-9EB0B75A4537}"
EndProject
Project("{FAE04EC0-301F-11D3-BF4B-00C04F79EFBC}") = "Jeebs.Data", "Jeebs.Data\Jeebs.Data.csproj", "{57A42A82-B6A3-41FF-8C77-3A0BCFA9A497}"
EndProject
Global
	GlobalSection(SolutionConfigurationPlatforms) = preSolution
		Debug|Any CPU = Debug|Any CPU
		Release|Any CPU = Release|Any CPU
	EndGlobalSection
	GlobalSection(ProjectConfigurationPlatforms) = postSolution
		{6CACF381-9F0A-41B1-9A14-715491CC6213}.Debug|Any CPU.ActiveCfg = Debug|Any CPU
		{6CACF381-9F0A-41B1-9A14-715491CC6213}.Debug|Any CPU.Build.0 = Debug|Any CPU
		{6CACF381-9F0A-41B1-9A14-715491CC6213}.Release|Any CPU.ActiveCfg = Release|Any CPU
		{6CACF381-9F0A-41B1-9A14-715491CC6213}.Release|Any CPU.Build.0 = Release|Any CPU
		{DA24A71C-0218-4E6A-8151-1E97F76154F8}.Debug|Any CPU.ActiveCfg = Debug|Any CPU
		{DA24A71C-0218-4E6A-8151-1E97F76154F8}.Debug|Any CPU.Build.0 = Debug|Any CPU
		{DA24A71C-0218-4E6A-8151-1E97F76154F8}.Release|Any CPU.ActiveCfg = Release|Any CPU
		{DA24A71C-0218-4E6A-8151-1E97F76154F8}.Release|Any CPU.Build.0 = Release|Any CPU
		{57A42A82-B6A3-41FF-8C77-3A0BCFA9A497}.Debug|Any CPU.ActiveCfg = Debug|Any CPU
		{57A42A82-B6A3-41FF-8C77-3A0BCFA9A497}.Debug|Any CPU.Build.0 = Debug|Any CPU
		{57A42A82-B6A3-41FF-8C77-3A0BCFA9A497}.Release|Any CPU.ActiveCfg = Release|Any CPU
		{57A42A82-B6A3-41FF-8C77-3A0BCFA9A497}.Release|Any CPU.Build.0 = Release|Any CPU
	EndGlobalSection
	GlobalSection(SolutionProperties) = preSolution
		HideSolutionNode = FALSE
	EndGlobalSection
	GlobalSection(ExtensibilityGlobals) = postSolution
		SolutionGuid = {0BD20814-DF83-4144-92D6-B07D57B7836F}
	EndGlobalSection
EndGlobal
