
Microsoft Visual Studio Solution File, Format Version 12.00
# Visual Studio Version 17
VisualStudioVersion = 17.0.31521.260
MinimumVisualStudioVersion = 10.0.40219.1
Project("{2150E333-8FDC-42A3-9474-1A3956D46DE8}") = "tests", "tests", "{1172BF25-0DDE-4B03-9075-9EB0B75A4537}"
	ProjectSection(SolutionItems) = preProject
		tests\.editorconfig = tests\.editorconfig
		tests\Directory.Build.props = tests\Directory.Build.props
	EndProjectSection
EndProject
Project("{9A19103F-16F7-4668-BE54-9A1E7A4F7556}") = "Jeebs.Data", "src\Jeebs.Data\Jeebs.Data.csproj", "{57A42A82-B6A3-41FF-8C77-3A0BCFA9A497}"
EndProject
Project("{2150E333-8FDC-42A3-9474-1A3956D46DE8}") = ".Data", ".Data", "{2C74A640-5088-487E-8B3D-0B8C818EDFCB}"
EndProject
Project("{2150E333-8FDC-42A3-9474-1A3956D46DE8}") = "src", "src", "{3B7FCEFA-5DFE-455A-B96E-78ADA70DABE6}"
	ProjectSection(SolutionItems) = preProject
		src\.editorconfig = src\.editorconfig
		src\Directory.Build.props = src\Directory.Build.props
		src\Local.pack.props = src\Local.pack.props
	EndProjectSection
EndProject
Project("{2150E333-8FDC-42A3-9474-1A3956D46DE8}") = "apps", "apps", "{A256449B-4234-43DD-B18F-741D69906712}"
	ProjectSection(SolutionItems) = preProject
		apps\.editorconfig = apps\.editorconfig
		apps\Directory.Build.props = apps\Directory.Build.props
	EndProjectSection
EndProject
Project("{9A19103F-16F7-4668-BE54-9A1E7A4F7556}") = "Jeebs", "src\Jeebs\Jeebs.csproj", "{356A4CC7-CEA0-46A1-81FB-41AC3F0C1614}"
EndProject
Project("{9A19103F-16F7-4668-BE54-9A1E7A4F7556}") = "Jeebs.Apps", "src\Jeebs.Apps\Jeebs.Apps.csproj", "{227E9F54-D49F-4E6B-9744-31F3A4E3E8D4}"
EndProject
Project("{2150E333-8FDC-42A3-9474-1A3956D46DE8}") = ".Clients", ".Clients", "{9BE173C5-9B68-4F6D-BF76-283EA7C8C73A}"
EndProject
Project("{9A19103F-16F7-4668-BE54-9A1E7A4F7556}") = "Jeebs.Data.Clients.MySql", "src\Jeebs.Data.Clients.MySql\Jeebs.Data.Clients.MySql.csproj", "{B22D88C5-A63B-425C-B12E-3471044EBB4F}"
EndProject
Project("{9A19103F-16F7-4668-BE54-9A1E7A4F7556}") = "Jeebs.Data.Clients.SqlServer", "src\Jeebs.Data.Clients.SqlServer\Jeebs.Data.Clients.SqlServer.csproj", "{AE703837-1753-4408-A32D-97423655233F}"
EndProject
Project("{9A19103F-16F7-4668-BE54-9A1E7A4F7556}") = "AppConsole", "apps\AppConsole\AppConsole.csproj", "{DD762A71-FC5F-4058-BE29-50AFC11E7862}"
EndProject
Project("{9A19103F-16F7-4668-BE54-9A1E7A4F7556}") = "AppMvc", "apps\AppMvc\AppMvc.csproj", "{06D16977-CAA6-4F08-A9E6-D4BD1B3080A6}"
EndProject
Project("{9A19103F-16F7-4668-BE54-9A1E7A4F7556}") = "AppService", "apps\AppService\AppService.csproj", "{ABC51F0B-438B-4BF9-AFDD-C85BA4F4EDFA}"
EndProject
Project("{2150E333-8FDC-42A3-9474-1A3956D46DE8}") = ".Apps", ".Apps", "{F005B321-074A-4182-869A-5E7E1CE8F9DA}"
EndProject
Project("{9A19103F-16F7-4668-BE54-9A1E7A4F7556}") = "Jeebs.Apps.ConsoleApps", "src\Jeebs.Apps.ConsoleApps\Jeebs.Apps.ConsoleApps.csproj", "{FC3FA7F8-B572-41D3-9381-E4F70D059536}"
EndProject
Project("{9A19103F-16F7-4668-BE54-9A1E7A4F7556}") = "Jeebs.Apps.WebApps", "src\Jeebs.Apps.WebApps\Jeebs.Apps.WebApps.csproj", "{95B72871-8799-43BB-AF07-C2C719BB0118}"
EndProject
Project("{9A19103F-16F7-4668-BE54-9A1E7A4F7556}") = "AppWeb", "apps\AppWeb\AppWeb.csproj", "{1E88CE0B-D46D-4886-9D80-9CC22FE49CB0}"
EndProject
Project("{9A19103F-16F7-4668-BE54-9A1E7A4F7556}") = "AppRazor", "apps\AppRazor\AppRazor.csproj", "{324EDD9C-5236-41A5-9253-A4336248FE5C}"
EndProject
Project("{2150E333-8FDC-42A3-9474-1A3956D46DE8}") = ".Logging", ".Logging", "{BD8813AD-C9E3-4B05-A9E0-F044D53AE06F}"
EndProject
Project("{9A19103F-16F7-4668-BE54-9A1E7A4F7556}") = "Jeebs.Logging.Serilog", "src\Jeebs.Logging.Serilog\Jeebs.Logging.Serilog.csproj", "{7B521F2C-855B-4296-B02B-880F90E9A0E0}"
EndProject
Project("{9A19103F-16F7-4668-BE54-9A1E7A4F7556}") = "Tests.Jeebs", "tests\Tests.Jeebs\Tests.Jeebs.csproj", "{B9A66FB3-C415-4E29-A419-E5D50A7A29E4}"
EndProject
Project("{9A19103F-16F7-4668-BE54-9A1E7A4F7556}") = "Tests.Jeebs.Config", "tests\Tests.Jeebs.Config\Tests.Jeebs.Config.csproj", "{FCB49E83-1E38-43D7-8FBD-F0775A171E3A}"
EndProject
Project("{9A19103F-16F7-4668-BE54-9A1E7A4F7556}") = "Jeebs.Cryptography", "src\Jeebs.Cryptography\Jeebs.Cryptography.csproj", "{DAD8177A-B883-4D5C-AB79-5AB13796C86C}"
EndProject
Project("{9A19103F-16F7-4668-BE54-9A1E7A4F7556}") = "Tests.Jeebs.Cryptography", "tests\Tests.Jeebs.Cryptography\Tests.Jeebs.Cryptography.csproj", "{95BAA070-C5CB-4056-A799-241D1DA4F45F}"
EndProject
Project("{2150E333-8FDC-42A3-9474-1A3956D46DE8}") = ".Data", ".Data", "{1ADCEE54-1EBE-4A6F-B558-7ECE4F7AB61A}"
EndProject
Project("{2150E333-8FDC-42A3-9474-1A3956D46DE8}") = ".Clients", ".Clients", "{D899A9DC-CBCF-44E8-BECE-73EB8911C6C2}"
EndProject
Project("{9A19103F-16F7-4668-BE54-9A1E7A4F7556}") = "Tests.Jeebs.Data.Clients.MySql", "tests\Tests.Jeebs.Data.Clients.MySql\Tests.Jeebs.Data.Clients.MySql.csproj", "{F7794637-FAF0-4EF0-B42C-98CD8FD5B459}"
EndProject
Project("{9A19103F-16F7-4668-BE54-9A1E7A4F7556}") = "Tests.Jeebs.Data.Clients.SqlServer", "tests\Tests.Jeebs.Data.Clients.SqlServer\Tests.Jeebs.Data.Clients.SqlServer.csproj", "{088834AB-1B3B-4967-BC07-15FEFA8EA8D0}"
EndProject
Project("{9A19103F-16F7-4668-BE54-9A1E7A4F7556}") = "Tests.Jeebs.Data", "tests\Tests.Jeebs.Data\Tests.Jeebs.Data.csproj", "{656E74E2-9E0A-4404-B7A9-F124680D1050}"
EndProject
Project("{9A19103F-16F7-4668-BE54-9A1E7A4F7556}") = "Jeebs.Mvc", "src\Jeebs.Mvc\Jeebs.Mvc.csproj", "{063DCBAE-D75F-4E35-9DFE-DDDC6F1CF93B}"
EndProject
Project("{9A19103F-16F7-4668-BE54-9A1E7A4F7556}") = "Jeebs.Mvc.Data", "src\Jeebs.Mvc.Data\Jeebs.Mvc.Data.csproj", "{41C91591-CAD9-47F4-B1F1-EC34C708D7D1}"
EndProject
Project("{2150E333-8FDC-42A3-9474-1A3956D46DE8}") = "Solution Items", "Solution Items", "{337B1DDD-1850-4F1A-8539-1854DD014FC0}"
	ProjectSection(SolutionItems) = preProject
		.gitignore = .gitignore
		jeebs-v8.code-workspace = jeebs-v8.code-workspace
		LICENSE = LICENSE
		Pack.csproj = Pack.csproj
		.github\workflows\publish.yml = .github\workflows\publish.yml
		README.md = README.md
		Test.csproj = Test.csproj
		.github\workflows\test.yml = .github\workflows\test.yml
		Version = Version
		.github\workflows\workflow-cleanup.yml = .github\workflows\workflow-cleanup.yml
	EndProjectSection
EndProject
Project("{2150E333-8FDC-42A3-9474-1A3956D46DE8}") = ".Services", ".Services", "{6C31552E-8082-4D9A-BA93-A6BA41A47000}"
EndProject
Project("{2150E333-8FDC-42A3-9474-1A3956D46DE8}") = ".Drivers", ".Drivers", "{C6413973-B7C3-4B42-90C0-ED07334291EC}"
EndProject
Project("{9A19103F-16F7-4668-BE54-9A1E7A4F7556}") = "Jeebs.Services.Webhook", "src\Jeebs.Services.Webhook\Jeebs.Services.Webhook.csproj", "{FE310151-9823-42D8-B565-839E0BC4D093}"
EndProject
Project("{9A19103F-16F7-4668-BE54-9A1E7A4F7556}") = "Jeebs.Services.Drivers.Webhook.Slack", "src\Jeebs.Services.Drivers.Webhook.Slack\Jeebs.Services.Drivers.Webhook.Slack.csproj", "{6B090A78-9165-492A-87E9-E41113B18F8B}"
EndProject
Project("{9A19103F-16F7-4668-BE54-9A1E7A4F7556}") = "Jeebs.Services.Drivers.Webhook.Seq", "src\Jeebs.Services.Drivers.Webhook.Seq\Jeebs.Services.Drivers.Webhook.Seq.csproj", "{6723F109-7975-4941-9FEE-AD331FAC5ADC}"
EndProject
Project("{9A19103F-16F7-4668-BE54-9A1E7A4F7556}") = "Jeebs.Services", "src\Jeebs.Services\Jeebs.Services.csproj", "{F0F3417F-3CC5-457E-A490-6AD6AD6C904C}"
EndProject
Project("{9A19103F-16F7-4668-BE54-9A1E7A4F7556}") = "Jeebs.Services.Drawing", "src\Jeebs.Services.Drawing\Jeebs.Services.Drawing.csproj", "{7D68FB33-1BBF-428A-BF9B-ABFFDDE25906}"
EndProject
Project("{2150E333-8FDC-42A3-9474-1A3956D46DE8}") = ".Mvc", ".Mvc", "{8687DA2A-88DE-4130-941B-62B80FA6D4A2}"
EndProject
Project("{2150E333-8FDC-42A3-9474-1A3956D46DE8}") = ".Auth", ".Auth", "{75C7BFF4-500A-4B3D-970A-67AAA5B4ECC2}"
EndProject
Project("{2150E333-8FDC-42A3-9474-1A3956D46DE8}") = ".Clients", ".Clients", "{28F7202A-D487-41AC-BC70-E2E821267FA3}"
EndProject
Project("{9A19103F-16F7-4668-BE54-9A1E7A4F7556}") = "Jeebs.Auth.Data", "src\Jeebs.Auth.Data\Jeebs.Auth.Data.csproj", "{2E864550-F91A-435E-8E46-7B1AE5039685}"
EndProject
Project("{9A19103F-16F7-4668-BE54-9A1E7A4F7556}") = "Jeebs.Auth.Data.Clients.MySql", "src\Jeebs.Auth.Data.Clients.MySql\Jeebs.Auth.Data.Clients.MySql.csproj", "{38B68CBF-662B-46DB-9BE1-703104270A64}"
EndProject
Project("{9A19103F-16F7-4668-BE54-9A1E7A4F7556}") = "Jeebs.Auth.Jwt", "src\Jeebs.Auth.Jwt\Jeebs.Auth.Jwt.csproj", "{8FEB0EA7-8906-4227-B02B-AB663BA1C294}"
EndProject
Project("{2150E333-8FDC-42A3-9474-1A3956D46DE8}") = ".Auth", ".Auth", "{904BAF5A-95DE-49B8-A3A9-A687988E39AA}"
EndProject
Project("{9A19103F-16F7-4668-BE54-9A1E7A4F7556}") = "Tests.Jeebs.Auth.Jwt", "tests\Tests.Jeebs.Auth.Jwt\Tests.Jeebs.Auth.Jwt.csproj", "{A5FBF7B7-A294-4164-8C32-6C3FB59BE641}"
EndProject
Project("{9A19103F-16F7-4668-BE54-9A1E7A4F7556}") = "Jeebs.Mvc.Auth", "src\Jeebs.Mvc.Auth\Jeebs.Mvc.Auth.csproj", "{6705657D-EDC5-4DD0-AC92-4618D8E23A6B}"
EndProject
Project("{2150E333-8FDC-42A3-9474-1A3956D46DE8}") = ".Mvc", ".Mvc", "{DB1C9D5F-BD41-4BEE-8D12-543728ADB33E}"
EndProject
Project("{9A19103F-16F7-4668-BE54-9A1E7A4F7556}") = "Tests.Jeebs.Mvc.Auth", "tests\Tests.Jeebs.Mvc.Auth\Tests.Jeebs.Mvc.Auth.csproj", "{0281729B-3390-4BB4-9B96-E64A75F345B4}"
EndProject
Project("{9A19103F-16F7-4668-BE54-9A1E7A4F7556}") = "Jeebs.Mvc.Auth.Razor", "src\Jeebs.Mvc.Auth.Razor\Jeebs.Mvc.Auth.Razor.csproj", "{686DCA90-0550-45E7-9B65-BF4BBE9BBDB6}"
EndProject
Project("{9A19103F-16F7-4668-BE54-9A1E7A4F7556}") = "Jeebs.Data.Query", "src\Jeebs.Data.Query\Jeebs.Data.Query.csproj", "{55E39BC5-6EB3-4BD3-83C9-D8BDE12E8C1B}"
EndProject
Project("{9A19103F-16F7-4668-BE54-9A1E7A4F7556}") = "Tests.Jeebs.Data.Query", "tests\Tests.Jeebs.Data.Query\Tests.Jeebs.Data.Query.csproj", "{C80906E6-7A1C-4FD4-9163-B24B144EA857}"
EndProject
Project("{9A19103F-16F7-4668-BE54-9A1E7A4F7556}") = "AppApi", "apps\AppApi\AppApi.csproj", "{83B54CB3-A0DE-4E4B-920D-0D80E3547DB6}"
EndProject
Project("{9A19103F-16F7-4668-BE54-9A1E7A4F7556}") = "Jeebs.WordPress", "src\Jeebs.WordPress\Jeebs.WordPress.csproj", "{3B61328D-81EB-45DE-B4F3-562D8FAEE044}"
EndProject
Project("{9A19103F-16F7-4668-BE54-9A1E7A4F7556}") = "Tests.Jeebs.WordPress", "tests\Tests.Jeebs.WordPress\Tests.Jeebs.WordPress.csproj", "{3EDE4DCA-D279-4D90-A647-E5469D58DF18}"
EndProject
Project("{9A19103F-16F7-4668-BE54-9A1E7A4F7556}") = "AppConsoleWp", "apps\AppConsoleWp\AppConsoleWp.csproj", "{8691C959-1846-44C1-8D2B-23B97F2CF1A6}"
EndProject
Project("{9A19103F-16F7-4668-BE54-9A1E7A4F7556}") = "Tests.Jeebs.Mvc", "tests\Tests.Jeebs.Mvc\Tests.Jeebs.Mvc.csproj", "{4D4D46ED-4332-48E4-AB7B-37D82879350A}"
EndProject
Project("{9A19103F-16F7-4668-BE54-9A1E7A4F7556}") = "Jeebs.Calendar", "src\Jeebs.Calendar\Jeebs.Calendar.csproj", "{A8B46561-04F5-475B-AE85-63A04B5C6629}"
EndProject
Project("{9A19103F-16F7-4668-BE54-9A1E7A4F7556}") = "Tests.Jeebs.Calendar", "tests\Tests.Jeebs.Calendar\Tests.Jeebs.Calendar.csproj", "{51E79EBF-F2EF-427F-9F85-E38F039D2DC7}"
EndProject
Project("{9A19103F-16F7-4668-BE54-9A1E7A4F7556}") = "Jeebs.Services.Drivers.Drawing.Skia", "src\Jeebs.Services.Drivers.Drawing.Skia\Jeebs.Services.Drivers.Drawing.Skia.csproj", "{1EF56A73-834A-418F-B721-77C9DA1CC70C}"
EndProject
Project("{9A19103F-16F7-4668-BE54-9A1E7A4F7556}") = "Jeebs.Auth.Totp", "src\Jeebs.Auth.Totp\Jeebs.Auth.Totp.csproj", "{6AA9601F-7321-48C6-8D32-B437782FB231}"
EndProject
Project("{9A19103F-16F7-4668-BE54-9A1E7A4F7556}") = "Tests.Jeebs.Auth.Totp", "tests\Tests.Jeebs.Auth.Totp\Tests.Jeebs.Auth.Totp.csproj", "{2B6E25C0-B60E-4FE9-8EDB-BC8E4BB55380}"
EndProject
Project("{9A19103F-16F7-4668-BE54-9A1E7A4F7556}") = "Jeebs.Data.Clients.PostgreSql", "src\Jeebs.Data.Clients.PostgreSQL\Jeebs.Data.Clients.PostgreSql.csproj", "{2E98CB3A-2DDA-4C7E-BF11-2528AF614DCF}"
EndProject
Project("{9A19103F-16F7-4668-BE54-9A1E7A4F7556}") = "Tests.Jeebs.Data.Clients.PostgreSql", "tests\Tests.Jeebs.Data.Clients.PostgreSql\Tests.Jeebs.Data.Clients.PostgreSql.csproj", "{6C9CD5F3-4FBA-4B0B-987A-667FEE20D0F7}"
EndProject
Project("{9A19103F-16F7-4668-BE54-9A1E7A4F7556}") = "AppConsolePg", "apps\AppConsolePg\AppConsolePg.csproj", "{C30A9A96-0547-4BEA-86D2-8D30771B8990}"
EndProject
Project("{9A19103F-16F7-4668-BE54-9A1E7A4F7556}") = "Jeebs.Auth.Data.Clients.PostgreSql", "src\Jeebs.Auth.Data.Clients.PostgreSql\Jeebs.Auth.Data.Clients.PostgreSql.csproj", "{8941676E-B295-4829-B7E0-C62BFCB41BB7}"
EndProject
Project("{9A19103F-16F7-4668-BE54-9A1E7A4F7556}") = "AppConsoleAuthDb", "apps\AppConsoleAuthDb\AppConsoleAuthDb.csproj", "{FCDF40A5-5745-4ED6-B5F7-03B7A35026FA}"
EndProject
Project("{9A19103F-16F7-4668-BE54-9A1E7A4F7556}") = "Jeebs.Cqrs", "src\Jeebs.Cqrs\Jeebs.Cqrs.csproj", "{0E92981B-632B-4BB0-802C-522CE662DACE}"
EndProject
Project("{9A19103F-16F7-4668-BE54-9A1E7A4F7556}") = "Tests.Jeebs.Cqrs", "tests\Tests.Jeebs.Cqrs\Tests.Jeebs.Cqrs.csproj", "{133B3E15-710E-445F-9437-BD381591FE39}"
EndProject
Project("{9A19103F-16F7-4668-BE54-9A1E7A4F7556}") = "Tests.Jeebs.Mvc.Data", "tests\Tests.Jeebs.Mvc.Data\Tests.Jeebs.Mvc.Data.csproj", "{B03A8637-AAA1-41C1-8241-2BE8246A2B70}"
EndProject
Project("{9A19103F-16F7-4668-BE54-9A1E7A4F7556}") = "Jeebs.Config", "src\Jeebs.Config\Jeebs.Config.csproj", "{24414B12-BBB8-43C1-9A04-DE03D2F13E7B}"
EndProject
Global
	GlobalSection(SolutionConfigurationPlatforms) = preSolution
		Debug|Any CPU = Debug|Any CPU
		Release|Any CPU = Release|Any CPU
		Staging|Any CPU = Staging|Any CPU
	EndGlobalSection
	GlobalSection(ProjectConfigurationPlatforms) = postSolution
		{57A42A82-B6A3-41FF-8C77-3A0BCFA9A497}.Debug|Any CPU.ActiveCfg = Debug|Any CPU
		{57A42A82-B6A3-41FF-8C77-3A0BCFA9A497}.Debug|Any CPU.Build.0 = Debug|Any CPU
		{57A42A82-B6A3-41FF-8C77-3A0BCFA9A497}.Release|Any CPU.ActiveCfg = Release|Any CPU
		{57A42A82-B6A3-41FF-8C77-3A0BCFA9A497}.Release|Any CPU.Build.0 = Release|Any CPU
		{57A42A82-B6A3-41FF-8C77-3A0BCFA9A497}.Staging|Any CPU.ActiveCfg = Release|Any CPU
		{57A42A82-B6A3-41FF-8C77-3A0BCFA9A497}.Staging|Any CPU.Build.0 = Release|Any CPU
		{356A4CC7-CEA0-46A1-81FB-41AC3F0C1614}.Debug|Any CPU.ActiveCfg = Debug|Any CPU
		{356A4CC7-CEA0-46A1-81FB-41AC3F0C1614}.Debug|Any CPU.Build.0 = Debug|Any CPU
		{356A4CC7-CEA0-46A1-81FB-41AC3F0C1614}.Release|Any CPU.ActiveCfg = Release|Any CPU
		{356A4CC7-CEA0-46A1-81FB-41AC3F0C1614}.Release|Any CPU.Build.0 = Release|Any CPU
		{356A4CC7-CEA0-46A1-81FB-41AC3F0C1614}.Staging|Any CPU.ActiveCfg = Release|Any CPU
		{356A4CC7-CEA0-46A1-81FB-41AC3F0C1614}.Staging|Any CPU.Build.0 = Release|Any CPU
		{227E9F54-D49F-4E6B-9744-31F3A4E3E8D4}.Debug|Any CPU.ActiveCfg = Debug|Any CPU
		{227E9F54-D49F-4E6B-9744-31F3A4E3E8D4}.Debug|Any CPU.Build.0 = Debug|Any CPU
		{227E9F54-D49F-4E6B-9744-31F3A4E3E8D4}.Release|Any CPU.ActiveCfg = Release|Any CPU
		{227E9F54-D49F-4E6B-9744-31F3A4E3E8D4}.Release|Any CPU.Build.0 = Release|Any CPU
		{227E9F54-D49F-4E6B-9744-31F3A4E3E8D4}.Staging|Any CPU.ActiveCfg = Release|Any CPU
		{227E9F54-D49F-4E6B-9744-31F3A4E3E8D4}.Staging|Any CPU.Build.0 = Release|Any CPU
		{B22D88C5-A63B-425C-B12E-3471044EBB4F}.Debug|Any CPU.ActiveCfg = Debug|Any CPU
		{B22D88C5-A63B-425C-B12E-3471044EBB4F}.Debug|Any CPU.Build.0 = Debug|Any CPU
		{B22D88C5-A63B-425C-B12E-3471044EBB4F}.Release|Any CPU.ActiveCfg = Release|Any CPU
		{B22D88C5-A63B-425C-B12E-3471044EBB4F}.Release|Any CPU.Build.0 = Release|Any CPU
		{B22D88C5-A63B-425C-B12E-3471044EBB4F}.Staging|Any CPU.ActiveCfg = Release|Any CPU
		{B22D88C5-A63B-425C-B12E-3471044EBB4F}.Staging|Any CPU.Build.0 = Release|Any CPU
		{AE703837-1753-4408-A32D-97423655233F}.Debug|Any CPU.ActiveCfg = Debug|Any CPU
		{AE703837-1753-4408-A32D-97423655233F}.Debug|Any CPU.Build.0 = Debug|Any CPU
		{AE703837-1753-4408-A32D-97423655233F}.Release|Any CPU.ActiveCfg = Release|Any CPU
		{AE703837-1753-4408-A32D-97423655233F}.Release|Any CPU.Build.0 = Release|Any CPU
		{AE703837-1753-4408-A32D-97423655233F}.Staging|Any CPU.ActiveCfg = Release|Any CPU
		{AE703837-1753-4408-A32D-97423655233F}.Staging|Any CPU.Build.0 = Release|Any CPU
		{DD762A71-FC5F-4058-BE29-50AFC11E7862}.Debug|Any CPU.ActiveCfg = Debug|Any CPU
		{DD762A71-FC5F-4058-BE29-50AFC11E7862}.Debug|Any CPU.Build.0 = Debug|Any CPU
		{DD762A71-FC5F-4058-BE29-50AFC11E7862}.Release|Any CPU.ActiveCfg = Release|Any CPU
		{DD762A71-FC5F-4058-BE29-50AFC11E7862}.Staging|Any CPU.ActiveCfg = Release|Any CPU
		{DD762A71-FC5F-4058-BE29-50AFC11E7862}.Staging|Any CPU.Build.0 = Release|Any CPU
		{06D16977-CAA6-4F08-A9E6-D4BD1B3080A6}.Debug|Any CPU.ActiveCfg = Debug|Any CPU
		{06D16977-CAA6-4F08-A9E6-D4BD1B3080A6}.Debug|Any CPU.Build.0 = Debug|Any CPU
		{06D16977-CAA6-4F08-A9E6-D4BD1B3080A6}.Release|Any CPU.ActiveCfg = Release|Any CPU
		{06D16977-CAA6-4F08-A9E6-D4BD1B3080A6}.Staging|Any CPU.ActiveCfg = Release|Any CPU
		{06D16977-CAA6-4F08-A9E6-D4BD1B3080A6}.Staging|Any CPU.Build.0 = Release|Any CPU
		{ABC51F0B-438B-4BF9-AFDD-C85BA4F4EDFA}.Debug|Any CPU.ActiveCfg = Debug|Any CPU
		{ABC51F0B-438B-4BF9-AFDD-C85BA4F4EDFA}.Debug|Any CPU.Build.0 = Debug|Any CPU
		{ABC51F0B-438B-4BF9-AFDD-C85BA4F4EDFA}.Release|Any CPU.ActiveCfg = Release|Any CPU
		{ABC51F0B-438B-4BF9-AFDD-C85BA4F4EDFA}.Staging|Any CPU.ActiveCfg = Release|Any CPU
		{ABC51F0B-438B-4BF9-AFDD-C85BA4F4EDFA}.Staging|Any CPU.Build.0 = Release|Any CPU
		{FC3FA7F8-B572-41D3-9381-E4F70D059536}.Debug|Any CPU.ActiveCfg = Debug|Any CPU
		{FC3FA7F8-B572-41D3-9381-E4F70D059536}.Debug|Any CPU.Build.0 = Debug|Any CPU
		{FC3FA7F8-B572-41D3-9381-E4F70D059536}.Release|Any CPU.ActiveCfg = Release|Any CPU
		{FC3FA7F8-B572-41D3-9381-E4F70D059536}.Release|Any CPU.Build.0 = Release|Any CPU
		{FC3FA7F8-B572-41D3-9381-E4F70D059536}.Staging|Any CPU.ActiveCfg = Release|Any CPU
		{FC3FA7F8-B572-41D3-9381-E4F70D059536}.Staging|Any CPU.Build.0 = Release|Any CPU
		{95B72871-8799-43BB-AF07-C2C719BB0118}.Debug|Any CPU.ActiveCfg = Debug|Any CPU
		{95B72871-8799-43BB-AF07-C2C719BB0118}.Debug|Any CPU.Build.0 = Debug|Any CPU
		{95B72871-8799-43BB-AF07-C2C719BB0118}.Release|Any CPU.ActiveCfg = Release|Any CPU
		{95B72871-8799-43BB-AF07-C2C719BB0118}.Release|Any CPU.Build.0 = Release|Any CPU
		{95B72871-8799-43BB-AF07-C2C719BB0118}.Staging|Any CPU.ActiveCfg = Release|Any CPU
		{95B72871-8799-43BB-AF07-C2C719BB0118}.Staging|Any CPU.Build.0 = Release|Any CPU
		{1E88CE0B-D46D-4886-9D80-9CC22FE49CB0}.Debug|Any CPU.ActiveCfg = Debug|Any CPU
		{1E88CE0B-D46D-4886-9D80-9CC22FE49CB0}.Debug|Any CPU.Build.0 = Debug|Any CPU
		{1E88CE0B-D46D-4886-9D80-9CC22FE49CB0}.Release|Any CPU.ActiveCfg = Release|Any CPU
		{1E88CE0B-D46D-4886-9D80-9CC22FE49CB0}.Staging|Any CPU.ActiveCfg = Release|Any CPU
		{1E88CE0B-D46D-4886-9D80-9CC22FE49CB0}.Staging|Any CPU.Build.0 = Release|Any CPU
		{324EDD9C-5236-41A5-9253-A4336248FE5C}.Debug|Any CPU.ActiveCfg = Debug|Any CPU
		{324EDD9C-5236-41A5-9253-A4336248FE5C}.Debug|Any CPU.Build.0 = Debug|Any CPU
		{324EDD9C-5236-41A5-9253-A4336248FE5C}.Release|Any CPU.ActiveCfg = Release|Any CPU
		{324EDD9C-5236-41A5-9253-A4336248FE5C}.Staging|Any CPU.ActiveCfg = Release|Any CPU
		{324EDD9C-5236-41A5-9253-A4336248FE5C}.Staging|Any CPU.Build.0 = Release|Any CPU
		{7B521F2C-855B-4296-B02B-880F90E9A0E0}.Debug|Any CPU.ActiveCfg = Debug|Any CPU
		{7B521F2C-855B-4296-B02B-880F90E9A0E0}.Debug|Any CPU.Build.0 = Debug|Any CPU
		{7B521F2C-855B-4296-B02B-880F90E9A0E0}.Release|Any CPU.ActiveCfg = Release|Any CPU
		{7B521F2C-855B-4296-B02B-880F90E9A0E0}.Release|Any CPU.Build.0 = Release|Any CPU
		{7B521F2C-855B-4296-B02B-880F90E9A0E0}.Staging|Any CPU.ActiveCfg = Release|Any CPU
		{7B521F2C-855B-4296-B02B-880F90E9A0E0}.Staging|Any CPU.Build.0 = Release|Any CPU
		{B9A66FB3-C415-4E29-A419-E5D50A7A29E4}.Debug|Any CPU.ActiveCfg = Debug|Any CPU
		{B9A66FB3-C415-4E29-A419-E5D50A7A29E4}.Debug|Any CPU.Build.0 = Debug|Any CPU
		{B9A66FB3-C415-4E29-A419-E5D50A7A29E4}.Release|Any CPU.ActiveCfg = Release|Any CPU
		{B9A66FB3-C415-4E29-A419-E5D50A7A29E4}.Release|Any CPU.Build.0 = Release|Any CPU
		{B9A66FB3-C415-4E29-A419-E5D50A7A29E4}.Staging|Any CPU.ActiveCfg = Release|Any CPU
		{B9A66FB3-C415-4E29-A419-E5D50A7A29E4}.Staging|Any CPU.Build.0 = Release|Any CPU
		{FCB49E83-1E38-43D7-8FBD-F0775A171E3A}.Debug|Any CPU.ActiveCfg = Debug|Any CPU
		{FCB49E83-1E38-43D7-8FBD-F0775A171E3A}.Debug|Any CPU.Build.0 = Debug|Any CPU
		{FCB49E83-1E38-43D7-8FBD-F0775A171E3A}.Release|Any CPU.ActiveCfg = Release|Any CPU
		{FCB49E83-1E38-43D7-8FBD-F0775A171E3A}.Release|Any CPU.Build.0 = Release|Any CPU
		{FCB49E83-1E38-43D7-8FBD-F0775A171E3A}.Staging|Any CPU.ActiveCfg = Release|Any CPU
		{FCB49E83-1E38-43D7-8FBD-F0775A171E3A}.Staging|Any CPU.Build.0 = Release|Any CPU
		{DAD8177A-B883-4D5C-AB79-5AB13796C86C}.Debug|Any CPU.ActiveCfg = Debug|Any CPU
		{DAD8177A-B883-4D5C-AB79-5AB13796C86C}.Debug|Any CPU.Build.0 = Debug|Any CPU
		{DAD8177A-B883-4D5C-AB79-5AB13796C86C}.Release|Any CPU.ActiveCfg = Release|Any CPU
		{DAD8177A-B883-4D5C-AB79-5AB13796C86C}.Release|Any CPU.Build.0 = Release|Any CPU
		{DAD8177A-B883-4D5C-AB79-5AB13796C86C}.Staging|Any CPU.ActiveCfg = Release|Any CPU
		{DAD8177A-B883-4D5C-AB79-5AB13796C86C}.Staging|Any CPU.Build.0 = Release|Any CPU
		{95BAA070-C5CB-4056-A799-241D1DA4F45F}.Debug|Any CPU.ActiveCfg = Debug|Any CPU
		{95BAA070-C5CB-4056-A799-241D1DA4F45F}.Debug|Any CPU.Build.0 = Debug|Any CPU
		{95BAA070-C5CB-4056-A799-241D1DA4F45F}.Release|Any CPU.ActiveCfg = Release|Any CPU
		{95BAA070-C5CB-4056-A799-241D1DA4F45F}.Release|Any CPU.Build.0 = Release|Any CPU
		{95BAA070-C5CB-4056-A799-241D1DA4F45F}.Staging|Any CPU.ActiveCfg = Release|Any CPU
		{95BAA070-C5CB-4056-A799-241D1DA4F45F}.Staging|Any CPU.Build.0 = Release|Any CPU
		{F7794637-FAF0-4EF0-B42C-98CD8FD5B459}.Debug|Any CPU.ActiveCfg = Debug|Any CPU
		{F7794637-FAF0-4EF0-B42C-98CD8FD5B459}.Debug|Any CPU.Build.0 = Debug|Any CPU
		{F7794637-FAF0-4EF0-B42C-98CD8FD5B459}.Release|Any CPU.ActiveCfg = Release|Any CPU
		{F7794637-FAF0-4EF0-B42C-98CD8FD5B459}.Release|Any CPU.Build.0 = Release|Any CPU
		{F7794637-FAF0-4EF0-B42C-98CD8FD5B459}.Staging|Any CPU.ActiveCfg = Release|Any CPU
		{F7794637-FAF0-4EF0-B42C-98CD8FD5B459}.Staging|Any CPU.Build.0 = Release|Any CPU
		{088834AB-1B3B-4967-BC07-15FEFA8EA8D0}.Debug|Any CPU.ActiveCfg = Debug|Any CPU
		{088834AB-1B3B-4967-BC07-15FEFA8EA8D0}.Debug|Any CPU.Build.0 = Debug|Any CPU
		{088834AB-1B3B-4967-BC07-15FEFA8EA8D0}.Release|Any CPU.ActiveCfg = Release|Any CPU
		{088834AB-1B3B-4967-BC07-15FEFA8EA8D0}.Release|Any CPU.Build.0 = Release|Any CPU
		{088834AB-1B3B-4967-BC07-15FEFA8EA8D0}.Staging|Any CPU.ActiveCfg = Release|Any CPU
		{088834AB-1B3B-4967-BC07-15FEFA8EA8D0}.Staging|Any CPU.Build.0 = Release|Any CPU
		{656E74E2-9E0A-4404-B7A9-F124680D1050}.Debug|Any CPU.ActiveCfg = Debug|Any CPU
		{656E74E2-9E0A-4404-B7A9-F124680D1050}.Debug|Any CPU.Build.0 = Debug|Any CPU
		{656E74E2-9E0A-4404-B7A9-F124680D1050}.Release|Any CPU.ActiveCfg = Release|Any CPU
		{656E74E2-9E0A-4404-B7A9-F124680D1050}.Release|Any CPU.Build.0 = Release|Any CPU
		{656E74E2-9E0A-4404-B7A9-F124680D1050}.Staging|Any CPU.ActiveCfg = Release|Any CPU
		{656E74E2-9E0A-4404-B7A9-F124680D1050}.Staging|Any CPU.Build.0 = Release|Any CPU
		{063DCBAE-D75F-4E35-9DFE-DDDC6F1CF93B}.Debug|Any CPU.ActiveCfg = Debug|Any CPU
		{063DCBAE-D75F-4E35-9DFE-DDDC6F1CF93B}.Debug|Any CPU.Build.0 = Debug|Any CPU
		{063DCBAE-D75F-4E35-9DFE-DDDC6F1CF93B}.Release|Any CPU.ActiveCfg = Release|Any CPU
		{063DCBAE-D75F-4E35-9DFE-DDDC6F1CF93B}.Release|Any CPU.Build.0 = Release|Any CPU
		{063DCBAE-D75F-4E35-9DFE-DDDC6F1CF93B}.Staging|Any CPU.ActiveCfg = Release|Any CPU
		{063DCBAE-D75F-4E35-9DFE-DDDC6F1CF93B}.Staging|Any CPU.Build.0 = Release|Any CPU
		{41C91591-CAD9-47F4-B1F1-EC34C708D7D1}.Debug|Any CPU.ActiveCfg = Debug|Any CPU
		{41C91591-CAD9-47F4-B1F1-EC34C708D7D1}.Debug|Any CPU.Build.0 = Debug|Any CPU
		{41C91591-CAD9-47F4-B1F1-EC34C708D7D1}.Release|Any CPU.ActiveCfg = Release|Any CPU
		{41C91591-CAD9-47F4-B1F1-EC34C708D7D1}.Release|Any CPU.Build.0 = Release|Any CPU
		{41C91591-CAD9-47F4-B1F1-EC34C708D7D1}.Staging|Any CPU.ActiveCfg = Release|Any CPU
		{41C91591-CAD9-47F4-B1F1-EC34C708D7D1}.Staging|Any CPU.Build.0 = Release|Any CPU
		{FE310151-9823-42D8-B565-839E0BC4D093}.Debug|Any CPU.ActiveCfg = Debug|Any CPU
		{FE310151-9823-42D8-B565-839E0BC4D093}.Debug|Any CPU.Build.0 = Debug|Any CPU
		{FE310151-9823-42D8-B565-839E0BC4D093}.Release|Any CPU.ActiveCfg = Release|Any CPU
		{FE310151-9823-42D8-B565-839E0BC4D093}.Release|Any CPU.Build.0 = Release|Any CPU
		{FE310151-9823-42D8-B565-839E0BC4D093}.Staging|Any CPU.ActiveCfg = Release|Any CPU
		{FE310151-9823-42D8-B565-839E0BC4D093}.Staging|Any CPU.Build.0 = Release|Any CPU
		{6B090A78-9165-492A-87E9-E41113B18F8B}.Debug|Any CPU.ActiveCfg = Debug|Any CPU
		{6B090A78-9165-492A-87E9-E41113B18F8B}.Debug|Any CPU.Build.0 = Debug|Any CPU
		{6B090A78-9165-492A-87E9-E41113B18F8B}.Release|Any CPU.ActiveCfg = Release|Any CPU
		{6B090A78-9165-492A-87E9-E41113B18F8B}.Release|Any CPU.Build.0 = Release|Any CPU
		{6B090A78-9165-492A-87E9-E41113B18F8B}.Staging|Any CPU.ActiveCfg = Release|Any CPU
		{6B090A78-9165-492A-87E9-E41113B18F8B}.Staging|Any CPU.Build.0 = Release|Any CPU
		{6723F109-7975-4941-9FEE-AD331FAC5ADC}.Debug|Any CPU.ActiveCfg = Debug|Any CPU
		{6723F109-7975-4941-9FEE-AD331FAC5ADC}.Debug|Any CPU.Build.0 = Debug|Any CPU
		{6723F109-7975-4941-9FEE-AD331FAC5ADC}.Release|Any CPU.ActiveCfg = Release|Any CPU
		{6723F109-7975-4941-9FEE-AD331FAC5ADC}.Release|Any CPU.Build.0 = Release|Any CPU
		{6723F109-7975-4941-9FEE-AD331FAC5ADC}.Staging|Any CPU.ActiveCfg = Release|Any CPU
		{6723F109-7975-4941-9FEE-AD331FAC5ADC}.Staging|Any CPU.Build.0 = Release|Any CPU
		{F0F3417F-3CC5-457E-A490-6AD6AD6C904C}.Debug|Any CPU.ActiveCfg = Debug|Any CPU
		{F0F3417F-3CC5-457E-A490-6AD6AD6C904C}.Debug|Any CPU.Build.0 = Debug|Any CPU
		{F0F3417F-3CC5-457E-A490-6AD6AD6C904C}.Release|Any CPU.ActiveCfg = Release|Any CPU
		{F0F3417F-3CC5-457E-A490-6AD6AD6C904C}.Release|Any CPU.Build.0 = Release|Any CPU
		{F0F3417F-3CC5-457E-A490-6AD6AD6C904C}.Staging|Any CPU.ActiveCfg = Release|Any CPU
		{F0F3417F-3CC5-457E-A490-6AD6AD6C904C}.Staging|Any CPU.Build.0 = Release|Any CPU
		{7D68FB33-1BBF-428A-BF9B-ABFFDDE25906}.Debug|Any CPU.ActiveCfg = Debug|Any CPU
		{7D68FB33-1BBF-428A-BF9B-ABFFDDE25906}.Debug|Any CPU.Build.0 = Debug|Any CPU
		{7D68FB33-1BBF-428A-BF9B-ABFFDDE25906}.Release|Any CPU.ActiveCfg = Release|Any CPU
		{7D68FB33-1BBF-428A-BF9B-ABFFDDE25906}.Release|Any CPU.Build.0 = Release|Any CPU
		{7D68FB33-1BBF-428A-BF9B-ABFFDDE25906}.Staging|Any CPU.ActiveCfg = Release|Any CPU
		{7D68FB33-1BBF-428A-BF9B-ABFFDDE25906}.Staging|Any CPU.Build.0 = Release|Any CPU
		{2E864550-F91A-435E-8E46-7B1AE5039685}.Debug|Any CPU.ActiveCfg = Debug|Any CPU
		{2E864550-F91A-435E-8E46-7B1AE5039685}.Debug|Any CPU.Build.0 = Debug|Any CPU
		{2E864550-F91A-435E-8E46-7B1AE5039685}.Release|Any CPU.ActiveCfg = Release|Any CPU
		{2E864550-F91A-435E-8E46-7B1AE5039685}.Release|Any CPU.Build.0 = Release|Any CPU
		{2E864550-F91A-435E-8E46-7B1AE5039685}.Staging|Any CPU.ActiveCfg = Release|Any CPU
		{2E864550-F91A-435E-8E46-7B1AE5039685}.Staging|Any CPU.Build.0 = Release|Any CPU
		{38B68CBF-662B-46DB-9BE1-703104270A64}.Debug|Any CPU.ActiveCfg = Debug|Any CPU
		{38B68CBF-662B-46DB-9BE1-703104270A64}.Debug|Any CPU.Build.0 = Debug|Any CPU
		{38B68CBF-662B-46DB-9BE1-703104270A64}.Release|Any CPU.ActiveCfg = Release|Any CPU
		{38B68CBF-662B-46DB-9BE1-703104270A64}.Release|Any CPU.Build.0 = Release|Any CPU
		{38B68CBF-662B-46DB-9BE1-703104270A64}.Staging|Any CPU.ActiveCfg = Release|Any CPU
		{38B68CBF-662B-46DB-9BE1-703104270A64}.Staging|Any CPU.Build.0 = Release|Any CPU
		{8FEB0EA7-8906-4227-B02B-AB663BA1C294}.Debug|Any CPU.ActiveCfg = Debug|Any CPU
		{8FEB0EA7-8906-4227-B02B-AB663BA1C294}.Debug|Any CPU.Build.0 = Debug|Any CPU
		{8FEB0EA7-8906-4227-B02B-AB663BA1C294}.Release|Any CPU.ActiveCfg = Release|Any CPU
		{8FEB0EA7-8906-4227-B02B-AB663BA1C294}.Release|Any CPU.Build.0 = Release|Any CPU
		{8FEB0EA7-8906-4227-B02B-AB663BA1C294}.Staging|Any CPU.ActiveCfg = Release|Any CPU
		{8FEB0EA7-8906-4227-B02B-AB663BA1C294}.Staging|Any CPU.Build.0 = Release|Any CPU
		{A5FBF7B7-A294-4164-8C32-6C3FB59BE641}.Debug|Any CPU.ActiveCfg = Debug|Any CPU
		{A5FBF7B7-A294-4164-8C32-6C3FB59BE641}.Debug|Any CPU.Build.0 = Debug|Any CPU
		{A5FBF7B7-A294-4164-8C32-6C3FB59BE641}.Release|Any CPU.ActiveCfg = Release|Any CPU
		{A5FBF7B7-A294-4164-8C32-6C3FB59BE641}.Release|Any CPU.Build.0 = Release|Any CPU
		{A5FBF7B7-A294-4164-8C32-6C3FB59BE641}.Staging|Any CPU.ActiveCfg = Release|Any CPU
		{A5FBF7B7-A294-4164-8C32-6C3FB59BE641}.Staging|Any CPU.Build.0 = Release|Any CPU
		{6705657D-EDC5-4DD0-AC92-4618D8E23A6B}.Debug|Any CPU.ActiveCfg = Debug|Any CPU
		{6705657D-EDC5-4DD0-AC92-4618D8E23A6B}.Debug|Any CPU.Build.0 = Debug|Any CPU
		{6705657D-EDC5-4DD0-AC92-4618D8E23A6B}.Release|Any CPU.ActiveCfg = Release|Any CPU
		{6705657D-EDC5-4DD0-AC92-4618D8E23A6B}.Release|Any CPU.Build.0 = Release|Any CPU
		{6705657D-EDC5-4DD0-AC92-4618D8E23A6B}.Staging|Any CPU.ActiveCfg = Release|Any CPU
		{6705657D-EDC5-4DD0-AC92-4618D8E23A6B}.Staging|Any CPU.Build.0 = Release|Any CPU
		{0281729B-3390-4BB4-9B96-E64A75F345B4}.Debug|Any CPU.ActiveCfg = Debug|Any CPU
		{0281729B-3390-4BB4-9B96-E64A75F345B4}.Debug|Any CPU.Build.0 = Debug|Any CPU
		{0281729B-3390-4BB4-9B96-E64A75F345B4}.Release|Any CPU.ActiveCfg = Release|Any CPU
		{0281729B-3390-4BB4-9B96-E64A75F345B4}.Release|Any CPU.Build.0 = Release|Any CPU
		{0281729B-3390-4BB4-9B96-E64A75F345B4}.Staging|Any CPU.ActiveCfg = Release|Any CPU
		{0281729B-3390-4BB4-9B96-E64A75F345B4}.Staging|Any CPU.Build.0 = Release|Any CPU
		{686DCA90-0550-45E7-9B65-BF4BBE9BBDB6}.Debug|Any CPU.ActiveCfg = Debug|Any CPU
		{686DCA90-0550-45E7-9B65-BF4BBE9BBDB6}.Debug|Any CPU.Build.0 = Debug|Any CPU
		{686DCA90-0550-45E7-9B65-BF4BBE9BBDB6}.Release|Any CPU.ActiveCfg = Release|Any CPU
		{686DCA90-0550-45E7-9B65-BF4BBE9BBDB6}.Release|Any CPU.Build.0 = Release|Any CPU
		{686DCA90-0550-45E7-9B65-BF4BBE9BBDB6}.Staging|Any CPU.ActiveCfg = Release|Any CPU
		{686DCA90-0550-45E7-9B65-BF4BBE9BBDB6}.Staging|Any CPU.Build.0 = Release|Any CPU
		{55E39BC5-6EB3-4BD3-83C9-D8BDE12E8C1B}.Debug|Any CPU.ActiveCfg = Debug|Any CPU
		{55E39BC5-6EB3-4BD3-83C9-D8BDE12E8C1B}.Debug|Any CPU.Build.0 = Debug|Any CPU
		{55E39BC5-6EB3-4BD3-83C9-D8BDE12E8C1B}.Release|Any CPU.ActiveCfg = Release|Any CPU
		{55E39BC5-6EB3-4BD3-83C9-D8BDE12E8C1B}.Release|Any CPU.Build.0 = Release|Any CPU
		{55E39BC5-6EB3-4BD3-83C9-D8BDE12E8C1B}.Staging|Any CPU.ActiveCfg = Release|Any CPU
		{55E39BC5-6EB3-4BD3-83C9-D8BDE12E8C1B}.Staging|Any CPU.Build.0 = Release|Any CPU
		{C80906E6-7A1C-4FD4-9163-B24B144EA857}.Debug|Any CPU.ActiveCfg = Debug|Any CPU
		{C80906E6-7A1C-4FD4-9163-B24B144EA857}.Debug|Any CPU.Build.0 = Debug|Any CPU
		{C80906E6-7A1C-4FD4-9163-B24B144EA857}.Release|Any CPU.ActiveCfg = Release|Any CPU
		{C80906E6-7A1C-4FD4-9163-B24B144EA857}.Release|Any CPU.Build.0 = Release|Any CPU
		{C80906E6-7A1C-4FD4-9163-B24B144EA857}.Staging|Any CPU.ActiveCfg = Release|Any CPU
		{C80906E6-7A1C-4FD4-9163-B24B144EA857}.Staging|Any CPU.Build.0 = Release|Any CPU
		{83B54CB3-A0DE-4E4B-920D-0D80E3547DB6}.Debug|Any CPU.ActiveCfg = Debug|Any CPU
		{83B54CB3-A0DE-4E4B-920D-0D80E3547DB6}.Debug|Any CPU.Build.0 = Debug|Any CPU
		{83B54CB3-A0DE-4E4B-920D-0D80E3547DB6}.Release|Any CPU.ActiveCfg = Release|Any CPU
		{83B54CB3-A0DE-4E4B-920D-0D80E3547DB6}.Staging|Any CPU.ActiveCfg = Release|Any CPU
		{83B54CB3-A0DE-4E4B-920D-0D80E3547DB6}.Staging|Any CPU.Build.0 = Release|Any CPU
		{3B61328D-81EB-45DE-B4F3-562D8FAEE044}.Debug|Any CPU.ActiveCfg = Debug|Any CPU
		{3B61328D-81EB-45DE-B4F3-562D8FAEE044}.Debug|Any CPU.Build.0 = Debug|Any CPU
		{3B61328D-81EB-45DE-B4F3-562D8FAEE044}.Release|Any CPU.ActiveCfg = Release|Any CPU
		{3B61328D-81EB-45DE-B4F3-562D8FAEE044}.Release|Any CPU.Build.0 = Release|Any CPU
		{3B61328D-81EB-45DE-B4F3-562D8FAEE044}.Staging|Any CPU.ActiveCfg = Release|Any CPU
		{3B61328D-81EB-45DE-B4F3-562D8FAEE044}.Staging|Any CPU.Build.0 = Release|Any CPU
		{3EDE4DCA-D279-4D90-A647-E5469D58DF18}.Debug|Any CPU.ActiveCfg = Debug|Any CPU
		{3EDE4DCA-D279-4D90-A647-E5469D58DF18}.Debug|Any CPU.Build.0 = Debug|Any CPU
		{3EDE4DCA-D279-4D90-A647-E5469D58DF18}.Release|Any CPU.ActiveCfg = Release|Any CPU
		{3EDE4DCA-D279-4D90-A647-E5469D58DF18}.Release|Any CPU.Build.0 = Release|Any CPU
		{3EDE4DCA-D279-4D90-A647-E5469D58DF18}.Staging|Any CPU.ActiveCfg = Release|Any CPU
		{3EDE4DCA-D279-4D90-A647-E5469D58DF18}.Staging|Any CPU.Build.0 = Release|Any CPU
		{8691C959-1846-44C1-8D2B-23B97F2CF1A6}.Debug|Any CPU.ActiveCfg = Debug|Any CPU
		{8691C959-1846-44C1-8D2B-23B97F2CF1A6}.Debug|Any CPU.Build.0 = Debug|Any CPU
		{8691C959-1846-44C1-8D2B-23B97F2CF1A6}.Release|Any CPU.ActiveCfg = Release|Any CPU
		{8691C959-1846-44C1-8D2B-23B97F2CF1A6}.Staging|Any CPU.ActiveCfg = Release|Any CPU
		{8691C959-1846-44C1-8D2B-23B97F2CF1A6}.Staging|Any CPU.Build.0 = Release|Any CPU
		{4D4D46ED-4332-48E4-AB7B-37D82879350A}.Debug|Any CPU.ActiveCfg = Debug|Any CPU
		{4D4D46ED-4332-48E4-AB7B-37D82879350A}.Debug|Any CPU.Build.0 = Debug|Any CPU
		{4D4D46ED-4332-48E4-AB7B-37D82879350A}.Release|Any CPU.ActiveCfg = Release|Any CPU
		{4D4D46ED-4332-48E4-AB7B-37D82879350A}.Release|Any CPU.Build.0 = Release|Any CPU
		{4D4D46ED-4332-48E4-AB7B-37D82879350A}.Staging|Any CPU.ActiveCfg = Release|Any CPU
		{4D4D46ED-4332-48E4-AB7B-37D82879350A}.Staging|Any CPU.Build.0 = Release|Any CPU
		{A8B46561-04F5-475B-AE85-63A04B5C6629}.Debug|Any CPU.ActiveCfg = Debug|Any CPU
		{A8B46561-04F5-475B-AE85-63A04B5C6629}.Debug|Any CPU.Build.0 = Debug|Any CPU
		{A8B46561-04F5-475B-AE85-63A04B5C6629}.Release|Any CPU.ActiveCfg = Release|Any CPU
		{A8B46561-04F5-475B-AE85-63A04B5C6629}.Release|Any CPU.Build.0 = Release|Any CPU
		{A8B46561-04F5-475B-AE85-63A04B5C6629}.Staging|Any CPU.ActiveCfg = Release|Any CPU
		{A8B46561-04F5-475B-AE85-63A04B5C6629}.Staging|Any CPU.Build.0 = Release|Any CPU
		{51E79EBF-F2EF-427F-9F85-E38F039D2DC7}.Debug|Any CPU.ActiveCfg = Debug|Any CPU
		{51E79EBF-F2EF-427F-9F85-E38F039D2DC7}.Debug|Any CPU.Build.0 = Debug|Any CPU
		{51E79EBF-F2EF-427F-9F85-E38F039D2DC7}.Release|Any CPU.ActiveCfg = Release|Any CPU
		{51E79EBF-F2EF-427F-9F85-E38F039D2DC7}.Release|Any CPU.Build.0 = Release|Any CPU
		{51E79EBF-F2EF-427F-9F85-E38F039D2DC7}.Staging|Any CPU.ActiveCfg = Release|Any CPU
		{51E79EBF-F2EF-427F-9F85-E38F039D2DC7}.Staging|Any CPU.Build.0 = Release|Any CPU
		{1EF56A73-834A-418F-B721-77C9DA1CC70C}.Debug|Any CPU.ActiveCfg = Debug|Any CPU
		{1EF56A73-834A-418F-B721-77C9DA1CC70C}.Debug|Any CPU.Build.0 = Debug|Any CPU
		{1EF56A73-834A-418F-B721-77C9DA1CC70C}.Release|Any CPU.ActiveCfg = Release|Any CPU
		{1EF56A73-834A-418F-B721-77C9DA1CC70C}.Release|Any CPU.Build.0 = Release|Any CPU
		{1EF56A73-834A-418F-B721-77C9DA1CC70C}.Staging|Any CPU.ActiveCfg = Release|Any CPU
		{1EF56A73-834A-418F-B721-77C9DA1CC70C}.Staging|Any CPU.Build.0 = Release|Any CPU
		{6AA9601F-7321-48C6-8D32-B437782FB231}.Debug|Any CPU.ActiveCfg = Debug|Any CPU
		{6AA9601F-7321-48C6-8D32-B437782FB231}.Debug|Any CPU.Build.0 = Debug|Any CPU
		{6AA9601F-7321-48C6-8D32-B437782FB231}.Release|Any CPU.ActiveCfg = Release|Any CPU
		{6AA9601F-7321-48C6-8D32-B437782FB231}.Release|Any CPU.Build.0 = Release|Any CPU
		{6AA9601F-7321-48C6-8D32-B437782FB231}.Staging|Any CPU.ActiveCfg = Release|Any CPU
		{6AA9601F-7321-48C6-8D32-B437782FB231}.Staging|Any CPU.Build.0 = Release|Any CPU
		{2B6E25C0-B60E-4FE9-8EDB-BC8E4BB55380}.Debug|Any CPU.ActiveCfg = Debug|Any CPU
		{2B6E25C0-B60E-4FE9-8EDB-BC8E4BB55380}.Debug|Any CPU.Build.0 = Debug|Any CPU
		{2B6E25C0-B60E-4FE9-8EDB-BC8E4BB55380}.Release|Any CPU.ActiveCfg = Release|Any CPU
		{2B6E25C0-B60E-4FE9-8EDB-BC8E4BB55380}.Release|Any CPU.Build.0 = Release|Any CPU
		{2B6E25C0-B60E-4FE9-8EDB-BC8E4BB55380}.Staging|Any CPU.ActiveCfg = Release|Any CPU
		{2B6E25C0-B60E-4FE9-8EDB-BC8E4BB55380}.Staging|Any CPU.Build.0 = Release|Any CPU
		{2E98CB3A-2DDA-4C7E-BF11-2528AF614DCF}.Debug|Any CPU.ActiveCfg = Debug|Any CPU
		{2E98CB3A-2DDA-4C7E-BF11-2528AF614DCF}.Debug|Any CPU.Build.0 = Debug|Any CPU
		{2E98CB3A-2DDA-4C7E-BF11-2528AF614DCF}.Release|Any CPU.ActiveCfg = Release|Any CPU
		{2E98CB3A-2DDA-4C7E-BF11-2528AF614DCF}.Release|Any CPU.Build.0 = Release|Any CPU
		{2E98CB3A-2DDA-4C7E-BF11-2528AF614DCF}.Staging|Any CPU.ActiveCfg = Release|Any CPU
		{2E98CB3A-2DDA-4C7E-BF11-2528AF614DCF}.Staging|Any CPU.Build.0 = Release|Any CPU
		{6C9CD5F3-4FBA-4B0B-987A-667FEE20D0F7}.Debug|Any CPU.ActiveCfg = Debug|Any CPU
		{6C9CD5F3-4FBA-4B0B-987A-667FEE20D0F7}.Debug|Any CPU.Build.0 = Debug|Any CPU
		{6C9CD5F3-4FBA-4B0B-987A-667FEE20D0F7}.Release|Any CPU.ActiveCfg = Release|Any CPU
		{6C9CD5F3-4FBA-4B0B-987A-667FEE20D0F7}.Release|Any CPU.Build.0 = Release|Any CPU
		{6C9CD5F3-4FBA-4B0B-987A-667FEE20D0F7}.Staging|Any CPU.ActiveCfg = Release|Any CPU
		{6C9CD5F3-4FBA-4B0B-987A-667FEE20D0F7}.Staging|Any CPU.Build.0 = Release|Any CPU
		{C30A9A96-0547-4BEA-86D2-8D30771B8990}.Debug|Any CPU.ActiveCfg = Debug|Any CPU
		{C30A9A96-0547-4BEA-86D2-8D30771B8990}.Debug|Any CPU.Build.0 = Debug|Any CPU
		{C30A9A96-0547-4BEA-86D2-8D30771B8990}.Release|Any CPU.ActiveCfg = Release|Any CPU
		{C30A9A96-0547-4BEA-86D2-8D30771B8990}.Staging|Any CPU.ActiveCfg = Release|Any CPU
		{C30A9A96-0547-4BEA-86D2-8D30771B8990}.Staging|Any CPU.Build.0 = Release|Any CPU
		{8941676E-B295-4829-B7E0-C62BFCB41BB7}.Debug|Any CPU.ActiveCfg = Debug|Any CPU
		{8941676E-B295-4829-B7E0-C62BFCB41BB7}.Debug|Any CPU.Build.0 = Debug|Any CPU
		{8941676E-B295-4829-B7E0-C62BFCB41BB7}.Release|Any CPU.ActiveCfg = Release|Any CPU
		{8941676E-B295-4829-B7E0-C62BFCB41BB7}.Release|Any CPU.Build.0 = Release|Any CPU
		{8941676E-B295-4829-B7E0-C62BFCB41BB7}.Staging|Any CPU.ActiveCfg = Release|Any CPU
		{8941676E-B295-4829-B7E0-C62BFCB41BB7}.Staging|Any CPU.Build.0 = Release|Any CPU
		{FCDF40A5-5745-4ED6-B5F7-03B7A35026FA}.Debug|Any CPU.ActiveCfg = Debug|Any CPU
		{FCDF40A5-5745-4ED6-B5F7-03B7A35026FA}.Debug|Any CPU.Build.0 = Debug|Any CPU
		{FCDF40A5-5745-4ED6-B5F7-03B7A35026FA}.Release|Any CPU.ActiveCfg = Release|Any CPU
		{FCDF40A5-5745-4ED6-B5F7-03B7A35026FA}.Staging|Any CPU.ActiveCfg = Release|Any CPU
		{FCDF40A5-5745-4ED6-B5F7-03B7A35026FA}.Staging|Any CPU.Build.0 = Release|Any CPU
		{0E92981B-632B-4BB0-802C-522CE662DACE}.Debug|Any CPU.ActiveCfg = Debug|Any CPU
		{0E92981B-632B-4BB0-802C-522CE662DACE}.Debug|Any CPU.Build.0 = Debug|Any CPU
		{0E92981B-632B-4BB0-802C-522CE662DACE}.Release|Any CPU.ActiveCfg = Release|Any CPU
		{0E92981B-632B-4BB0-802C-522CE662DACE}.Release|Any CPU.Build.0 = Release|Any CPU
		{0E92981B-632B-4BB0-802C-522CE662DACE}.Staging|Any CPU.ActiveCfg = Debug|Any CPU
		{0E92981B-632B-4BB0-802C-522CE662DACE}.Staging|Any CPU.Build.0 = Debug|Any CPU
		{133B3E15-710E-445F-9437-BD381591FE39}.Debug|Any CPU.ActiveCfg = Debug|Any CPU
		{133B3E15-710E-445F-9437-BD381591FE39}.Debug|Any CPU.Build.0 = Debug|Any CPU
		{133B3E15-710E-445F-9437-BD381591FE39}.Release|Any CPU.ActiveCfg = Release|Any CPU
		{133B3E15-710E-445F-9437-BD381591FE39}.Release|Any CPU.Build.0 = Release|Any CPU
		{133B3E15-710E-445F-9437-BD381591FE39}.Staging|Any CPU.ActiveCfg = Debug|Any CPU
		{133B3E15-710E-445F-9437-BD381591FE39}.Staging|Any CPU.Build.0 = Debug|Any CPU
		{B03A8637-AAA1-41C1-8241-2BE8246A2B70}.Debug|Any CPU.ActiveCfg = Debug|Any CPU
		{B03A8637-AAA1-41C1-8241-2BE8246A2B70}.Debug|Any CPU.Build.0 = Debug|Any CPU
		{B03A8637-AAA1-41C1-8241-2BE8246A2B70}.Release|Any CPU.ActiveCfg = Release|Any CPU
		{B03A8637-AAA1-41C1-8241-2BE8246A2B70}.Release|Any CPU.Build.0 = Release|Any CPU
		{B03A8637-AAA1-41C1-8241-2BE8246A2B70}.Staging|Any CPU.ActiveCfg = Debug|Any CPU
		{B03A8637-AAA1-41C1-8241-2BE8246A2B70}.Staging|Any CPU.Build.0 = Debug|Any CPU
		{24414B12-BBB8-43C1-9A04-DE03D2F13E7B}.Debug|Any CPU.ActiveCfg = Debug|Any CPU
		{24414B12-BBB8-43C1-9A04-DE03D2F13E7B}.Debug|Any CPU.Build.0 = Debug|Any CPU
		{24414B12-BBB8-43C1-9A04-DE03D2F13E7B}.Release|Any CPU.ActiveCfg = Release|Any CPU
		{24414B12-BBB8-43C1-9A04-DE03D2F13E7B}.Release|Any CPU.Build.0 = Release|Any CPU
		{24414B12-BBB8-43C1-9A04-DE03D2F13E7B}.Staging|Any CPU.ActiveCfg = Debug|Any CPU
		{24414B12-BBB8-43C1-9A04-DE03D2F13E7B}.Staging|Any CPU.Build.0 = Debug|Any CPU
	EndGlobalSection
	GlobalSection(SolutionProperties) = preSolution
		HideSolutionNode = FALSE
	EndGlobalSection
	GlobalSection(NestedProjects) = preSolution
		{57A42A82-B6A3-41FF-8C77-3A0BCFA9A497} = {2C74A640-5088-487E-8B3D-0B8C818EDFCB}
		{2C74A640-5088-487E-8B3D-0B8C818EDFCB} = {3B7FCEFA-5DFE-455A-B96E-78ADA70DABE6}
		{356A4CC7-CEA0-46A1-81FB-41AC3F0C1614} = {3B7FCEFA-5DFE-455A-B96E-78ADA70DABE6}
		{227E9F54-D49F-4E6B-9744-31F3A4E3E8D4} = {F005B321-074A-4182-869A-5E7E1CE8F9DA}
		{9BE173C5-9B68-4F6D-BF76-283EA7C8C73A} = {2C74A640-5088-487E-8B3D-0B8C818EDFCB}
		{B22D88C5-A63B-425C-B12E-3471044EBB4F} = {9BE173C5-9B68-4F6D-BF76-283EA7C8C73A}
		{AE703837-1753-4408-A32D-97423655233F} = {9BE173C5-9B68-4F6D-BF76-283EA7C8C73A}
		{DD762A71-FC5F-4058-BE29-50AFC11E7862} = {A256449B-4234-43DD-B18F-741D69906712}
		{06D16977-CAA6-4F08-A9E6-D4BD1B3080A6} = {A256449B-4234-43DD-B18F-741D69906712}
		{ABC51F0B-438B-4BF9-AFDD-C85BA4F4EDFA} = {A256449B-4234-43DD-B18F-741D69906712}
		{F005B321-074A-4182-869A-5E7E1CE8F9DA} = {3B7FCEFA-5DFE-455A-B96E-78ADA70DABE6}
		{FC3FA7F8-B572-41D3-9381-E4F70D059536} = {F005B321-074A-4182-869A-5E7E1CE8F9DA}
		{95B72871-8799-43BB-AF07-C2C719BB0118} = {F005B321-074A-4182-869A-5E7E1CE8F9DA}
		{1E88CE0B-D46D-4886-9D80-9CC22FE49CB0} = {A256449B-4234-43DD-B18F-741D69906712}
		{324EDD9C-5236-41A5-9253-A4336248FE5C} = {A256449B-4234-43DD-B18F-741D69906712}
		{BD8813AD-C9E3-4B05-A9E0-F044D53AE06F} = {3B7FCEFA-5DFE-455A-B96E-78ADA70DABE6}
		{7B521F2C-855B-4296-B02B-880F90E9A0E0} = {BD8813AD-C9E3-4B05-A9E0-F044D53AE06F}
		{B9A66FB3-C415-4E29-A419-E5D50A7A29E4} = {1172BF25-0DDE-4B03-9075-9EB0B75A4537}
		{FCB49E83-1E38-43D7-8FBD-F0775A171E3A} = {1172BF25-0DDE-4B03-9075-9EB0B75A4537}
		{DAD8177A-B883-4D5C-AB79-5AB13796C86C} = {3B7FCEFA-5DFE-455A-B96E-78ADA70DABE6}
		{95BAA070-C5CB-4056-A799-241D1DA4F45F} = {1172BF25-0DDE-4B03-9075-9EB0B75A4537}
		{1ADCEE54-1EBE-4A6F-B558-7ECE4F7AB61A} = {1172BF25-0DDE-4B03-9075-9EB0B75A4537}
		{D899A9DC-CBCF-44E8-BECE-73EB8911C6C2} = {1ADCEE54-1EBE-4A6F-B558-7ECE4F7AB61A}
		{F7794637-FAF0-4EF0-B42C-98CD8FD5B459} = {D899A9DC-CBCF-44E8-BECE-73EB8911C6C2}
		{088834AB-1B3B-4967-BC07-15FEFA8EA8D0} = {D899A9DC-CBCF-44E8-BECE-73EB8911C6C2}
		{656E74E2-9E0A-4404-B7A9-F124680D1050} = {1ADCEE54-1EBE-4A6F-B558-7ECE4F7AB61A}
		{063DCBAE-D75F-4E35-9DFE-DDDC6F1CF93B} = {8687DA2A-88DE-4130-941B-62B80FA6D4A2}
		{41C91591-CAD9-47F4-B1F1-EC34C708D7D1} = {8687DA2A-88DE-4130-941B-62B80FA6D4A2}
		{6C31552E-8082-4D9A-BA93-A6BA41A47000} = {3B7FCEFA-5DFE-455A-B96E-78ADA70DABE6}
		{C6413973-B7C3-4B42-90C0-ED07334291EC} = {6C31552E-8082-4D9A-BA93-A6BA41A47000}
		{FE310151-9823-42D8-B565-839E0BC4D093} = {6C31552E-8082-4D9A-BA93-A6BA41A47000}
		{6B090A78-9165-492A-87E9-E41113B18F8B} = {C6413973-B7C3-4B42-90C0-ED07334291EC}
		{6723F109-7975-4941-9FEE-AD331FAC5ADC} = {C6413973-B7C3-4B42-90C0-ED07334291EC}
		{F0F3417F-3CC5-457E-A490-6AD6AD6C904C} = {6C31552E-8082-4D9A-BA93-A6BA41A47000}
		{7D68FB33-1BBF-428A-BF9B-ABFFDDE25906} = {6C31552E-8082-4D9A-BA93-A6BA41A47000}
		{8687DA2A-88DE-4130-941B-62B80FA6D4A2} = {3B7FCEFA-5DFE-455A-B96E-78ADA70DABE6}
		{75C7BFF4-500A-4B3D-970A-67AAA5B4ECC2} = {3B7FCEFA-5DFE-455A-B96E-78ADA70DABE6}
		{28F7202A-D487-41AC-BC70-E2E821267FA3} = {75C7BFF4-500A-4B3D-970A-67AAA5B4ECC2}
		{2E864550-F91A-435E-8E46-7B1AE5039685} = {75C7BFF4-500A-4B3D-970A-67AAA5B4ECC2}
		{38B68CBF-662B-46DB-9BE1-703104270A64} = {28F7202A-D487-41AC-BC70-E2E821267FA3}
		{8FEB0EA7-8906-4227-B02B-AB663BA1C294} = {75C7BFF4-500A-4B3D-970A-67AAA5B4ECC2}
		{904BAF5A-95DE-49B8-A3A9-A687988E39AA} = {1172BF25-0DDE-4B03-9075-9EB0B75A4537}
		{A5FBF7B7-A294-4164-8C32-6C3FB59BE641} = {904BAF5A-95DE-49B8-A3A9-A687988E39AA}
		{6705657D-EDC5-4DD0-AC92-4618D8E23A6B} = {8687DA2A-88DE-4130-941B-62B80FA6D4A2}
		{DB1C9D5F-BD41-4BEE-8D12-543728ADB33E} = {1172BF25-0DDE-4B03-9075-9EB0B75A4537}
		{0281729B-3390-4BB4-9B96-E64A75F345B4} = {DB1C9D5F-BD41-4BEE-8D12-543728ADB33E}
		{686DCA90-0550-45E7-9B65-BF4BBE9BBDB6} = {8687DA2A-88DE-4130-941B-62B80FA6D4A2}
		{55E39BC5-6EB3-4BD3-83C9-D8BDE12E8C1B} = {2C74A640-5088-487E-8B3D-0B8C818EDFCB}
		{C80906E6-7A1C-4FD4-9163-B24B144EA857} = {1ADCEE54-1EBE-4A6F-B558-7ECE4F7AB61A}
		{83B54CB3-A0DE-4E4B-920D-0D80E3547DB6} = {A256449B-4234-43DD-B18F-741D69906712}
		{3B61328D-81EB-45DE-B4F3-562D8FAEE044} = {3B7FCEFA-5DFE-455A-B96E-78ADA70DABE6}
		{3EDE4DCA-D279-4D90-A647-E5469D58DF18} = {1172BF25-0DDE-4B03-9075-9EB0B75A4537}
		{8691C959-1846-44C1-8D2B-23B97F2CF1A6} = {A256449B-4234-43DD-B18F-741D69906712}
		{4D4D46ED-4332-48E4-AB7B-37D82879350A} = {DB1C9D5F-BD41-4BEE-8D12-543728ADB33E}
		{A8B46561-04F5-475B-AE85-63A04B5C6629} = {3B7FCEFA-5DFE-455A-B96E-78ADA70DABE6}
		{51E79EBF-F2EF-427F-9F85-E38F039D2DC7} = {1172BF25-0DDE-4B03-9075-9EB0B75A4537}
		{1EF56A73-834A-418F-B721-77C9DA1CC70C} = {C6413973-B7C3-4B42-90C0-ED07334291EC}
		{6AA9601F-7321-48C6-8D32-B437782FB231} = {75C7BFF4-500A-4B3D-970A-67AAA5B4ECC2}
		{2B6E25C0-B60E-4FE9-8EDB-BC8E4BB55380} = {904BAF5A-95DE-49B8-A3A9-A687988E39AA}
		{2E98CB3A-2DDA-4C7E-BF11-2528AF614DCF} = {9BE173C5-9B68-4F6D-BF76-283EA7C8C73A}
		{6C9CD5F3-4FBA-4B0B-987A-667FEE20D0F7} = {D899A9DC-CBCF-44E8-BECE-73EB8911C6C2}
		{C30A9A96-0547-4BEA-86D2-8D30771B8990} = {A256449B-4234-43DD-B18F-741D69906712}
		{8941676E-B295-4829-B7E0-C62BFCB41BB7} = {28F7202A-D487-41AC-BC70-E2E821267FA3}
		{FCDF40A5-5745-4ED6-B5F7-03B7A35026FA} = {A256449B-4234-43DD-B18F-741D69906712}
		{0E92981B-632B-4BB0-802C-522CE662DACE} = {3B7FCEFA-5DFE-455A-B96E-78ADA70DABE6}
		{133B3E15-710E-445F-9437-BD381591FE39} = {1172BF25-0DDE-4B03-9075-9EB0B75A4537}
		{B03A8637-AAA1-41C1-8241-2BE8246A2B70} = {DB1C9D5F-BD41-4BEE-8D12-543728ADB33E}
		{24414B12-BBB8-43C1-9A04-DE03D2F13E7B} = {3B7FCEFA-5DFE-455A-B96E-78ADA70DABE6}
	EndGlobalSection
	GlobalSection(ExtensibilityGlobals) = postSolution
		SolutionGuid = {0BD20814-DF83-4144-92D6-B07D57B7836F}
	EndGlobalSection
EndGlobal
